
Microsoft Visual Studio Solution File, Format Version 12.00
# Visual Studio Version 17
VisualStudioVersion = 17.0.31903.59
MinimumVisualStudioVersion = 10.0.40219.1
Project("{2150E333-8FDC-42A3-9474-1A3956D46DE8}") = "src", "src", "{827E0CD3-B72D-47B6-A68D-7590B98EB39B}"
EndProject
Project("{2150E333-8FDC-42A3-9474-1A3956D46DE8}") = "BuildingBlocks", "BuildingBlocks", "{90298CBA-BD6F-3A0A-69D5-97CAD7B05E7E}"
EndProject
Project("{FAE04EC0-301F-11D3-BF4B-00C04F79EFBC}") = "ECommerce.BuildingBlocks.Contracts", "src\BuildingBlocks\ECommerce.BuildingBlocks.Contracts\ECommerce.BuildingBlocks.Contracts.csproj", "{2395DC14-1DA0-4D8A-A56B-D65230E5B0CA}"
EndProject
Project("{FAE04EC0-301F-11D3-BF4B-00C04F79EFBC}") = "ECommerce.BuildingBlocks.EventBus", "src\BuildingBlocks\ECommerce.BuildingBlocks.EventBus\ECommerce.BuildingBlocks.EventBus.csproj", "{8288A4B6-971B-448B-A085-0D65C7F429B0}"
EndProject
Project("{FAE04EC0-301F-11D3-BF4B-00C04F79EFBC}") = "ECommerce.BuildingBlocks.Observability", "src\BuildingBlocks\ECommerce.BuildingBlocks.Observability\ECommerce.BuildingBlocks.Observability.csproj", "{4EE18AEC-D862-400A-AF31-AA8621EBDC83}"
EndProject
Project("{FAE04EC0-301F-11D3-BF4B-00C04F79EFBC}") = "ECommerce.BuildingBlocks.Persistence", "src\BuildingBlocks\ECommerce.BuildingBlocks.Persistence\ECommerce.BuildingBlocks.Persistence.csproj", "{D2048A1D-69DE-417B-BC42-2AC7AC07A7A9}"
EndProject
Project("{FAE04EC0-301F-11D3-BF4B-00C04F79EFBC}") = "ECommerce.BuildingBlocks.Security", "src\BuildingBlocks\ECommerce.BuildingBlocks.Security\ECommerce.BuildingBlocks.Security.csproj", "{EE038FC0-637D-4783-BECF-70D2A83AC8E0}"
EndProject
Project("{FAE04EC0-301F-11D3-BF4B-00C04F79EFBC}") = "ECommerce.BuildingBlocks.Localization", "src\BuildingBlocks\ECommerce.BuildingBlocks.Localization\ECommerce.BuildingBlocks.Localization.csproj", "{4889BD26-1E43-412C-9E51-5A85C67A70C4}"
EndProject
Project("{2150E333-8FDC-42A3-9474-1A3956D46DE8}") = "Services", "Services", "{984BB9B3-3FA3-BE33-9484-CAC21695A33C}"
EndProject
Project("{2150E333-8FDC-42A3-9474-1A3956D46DE8}") = "Catalog", "Catalog", "{C91C1CF1-1625-0789-F869-53D87D6277BA}"
EndProject
Project("{FAE04EC0-301F-11D3-BF4B-00C04F79EFBC}") = "ECommerce.Catalog.Domain", "src\Services\Catalog\ECommerce.Catalog.Domain\ECommerce.Catalog.Domain.csproj", "{C166FCC5-C2C0-4FBD-8B84-74A5BDB1C0AB}"
EndProject
Project("{FAE04EC0-301F-11D3-BF4B-00C04F79EFBC}") = "ECommerce.Catalog.Application", "src\Services\Catalog\ECommerce.Catalog.Application\ECommerce.Catalog.Application.csproj", "{86E8C568-8587-485F-8853-56D993307BEF}"
EndProject
Project("{FAE04EC0-301F-11D3-BF4B-00C04F79EFBC}") = "ECommerce.Catalog.Infrastructure", "src\Services\Catalog\ECommerce.Catalog.Infrastructure\ECommerce.Catalog.Infrastructure.csproj", "{7A28AE08-6520-4375-9D37-DB677415EE73}"
EndProject
Project("{FAE04EC0-301F-11D3-BF4B-00C04F79EFBC}") = "ECommerce.Catalog.Api", "src\Services\Catalog\ECommerce.Catalog.Api\ECommerce.Catalog.Api.csproj", "{47D6D00F-E72A-48BD-9FB0-1BE22483B5AB}"
EndProject
Project("{2150E333-8FDC-42A3-9474-1A3956D46DE8}") = "Basket", "Basket", "{6C0557C3-B1C9-A54D-46F8-F4FBBDE30E30}"
EndProject
Project("{FAE04EC0-301F-11D3-BF4B-00C04F79EFBC}") = "ECommerce.Basket.Domain", "src\Services\Basket\ECommerce.Basket.Domain\ECommerce.Basket.Domain.csproj", "{72713322-5110-4D47-A7D2-A5C19A825F9C}"
EndProject
Project("{FAE04EC0-301F-11D3-BF4B-00C04F79EFBC}") = "ECommerce.Basket.Application", "src\Services\Basket\ECommerce.Basket.Application\ECommerce.Basket.Application.csproj", "{3328ABD0-62FD-4DAB-882B-7EE0954E67A0}"
EndProject
Project("{FAE04EC0-301F-11D3-BF4B-00C04F79EFBC}") = "ECommerce.Basket.Infrastructure", "src\Services\Basket\ECommerce.Basket.Infrastructure\ECommerce.Basket.Infrastructure.csproj", "{474E2E6A-2C19-4DF6-814F-B3141DCAAE82}"
EndProject
Project("{FAE04EC0-301F-11D3-BF4B-00C04F79EFBC}") = "ECommerce.Basket.Api", "src\Services\Basket\ECommerce.Basket.Api\ECommerce.Basket.Api.csproj", "{BE85031B-3157-4C78-A0E3-39D11D4D5C32}"
EndProject
Project("{2150E333-8FDC-42A3-9474-1A3956D46DE8}") = "Ordering", "Ordering", "{D3BAB01C-7F3F-8576-96BE-8BE70C9B9915}"
EndProject
Project("{FAE04EC0-301F-11D3-BF4B-00C04F79EFBC}") = "ECommerce.Ordering.Domain", "src\Services\Ordering\ECommerce.Ordering.Domain\ECommerce.Ordering.Domain.csproj", "{8CDE2A1D-35A0-470B-91B0-6A3025B133C8}"
EndProject
Project("{FAE04EC0-301F-11D3-BF4B-00C04F79EFBC}") = "ECommerce.Ordering.Application", "src\Services\Ordering\ECommerce.Ordering.Application\ECommerce.Ordering.Application.csproj", "{E7D2CDC8-51FA-440D-B93F-A997F0BE7B6F}"
EndProject
Project("{FAE04EC0-301F-11D3-BF4B-00C04F79EFBC}") = "ECommerce.Ordering.Infrastructure", "src\Services\Ordering\ECommerce.Ordering.Infrastructure\ECommerce.Ordering.Infrastructure.csproj", "{326526F3-72DF-4054-BCAF-55B4DB0F8F6C}"
EndProject
Project("{FAE04EC0-301F-11D3-BF4B-00C04F79EFBC}") = "ECommerce.Ordering.Api", "src\Services\Ordering\ECommerce.Ordering.Api\ECommerce.Ordering.Api.csproj", "{5BCD346D-7DD8-464C-9416-B5F1073C0277}"
EndProject
Project("{2150E333-8FDC-42A3-9474-1A3956D46DE8}") = "Inventory", "Inventory", "{CA15E31E-CB60-F235-5CDF-2E527A86A72C}"
EndProject
Project("{FAE04EC0-301F-11D3-BF4B-00C04F79EFBC}") = "ECommerce.Inventory.Domain", "src\Services\Inventory\ECommerce.Inventory.Domain\ECommerce.Inventory.Domain.csproj", "{93386B04-2481-4D31-AD01-DFF03632528E}"
EndProject
Project("{FAE04EC0-301F-11D3-BF4B-00C04F79EFBC}") = "ECommerce.Inventory.Application", "src\Services\Inventory\ECommerce.Inventory.Application\ECommerce.Inventory.Application.csproj", "{FF0ED35D-DDA7-4B95-A0A2-5EB4A1BE689F}"
EndProject
Project("{FAE04EC0-301F-11D3-BF4B-00C04F79EFBC}") = "ECommerce.Inventory.Infrastructure", "src\Services\Inventory\ECommerce.Inventory.Infrastructure\ECommerce.Inventory.Infrastructure.csproj", "{71020050-AEA4-4BA4-8866-6B6D177DC8FF}"
EndProject
Project("{FAE04EC0-301F-11D3-BF4B-00C04F79EFBC}") = "ECommerce.Inventory.Api", "src\Services\Inventory\ECommerce.Inventory.Api\ECommerce.Inventory.Api.csproj", "{9264A3B8-B829-4983-86F4-F3495C5F2584}"
EndProject
Project("{2150E333-8FDC-42A3-9474-1A3956D46DE8}") = "Payment", "Payment", "{3FB03296-F262-2760-9861-73C41AF3766C}"
EndProject
Project("{FAE04EC0-301F-11D3-BF4B-00C04F79EFBC}") = "ECommerce.Payment.Domain", "src\Services\Payment\ECommerce.Payment.Domain\ECommerce.Payment.Domain.csproj", "{0BF3D607-94FF-4C1E-8DA5-68BC2DD4FDF4}"
EndProject
Project("{FAE04EC0-301F-11D3-BF4B-00C04F79EFBC}") = "ECommerce.Payment.Application", "src\Services\Payment\ECommerce.Payment.Application\ECommerce.Payment.Application.csproj", "{485507FB-D0F3-4F6A-8D72-CE442C914CBA}"
EndProject
Project("{FAE04EC0-301F-11D3-BF4B-00C04F79EFBC}") = "ECommerce.Payment.Infrastructure", "src\Services\Payment\ECommerce.Payment.Infrastructure\ECommerce.Payment.Infrastructure.csproj", "{B07C71A9-F4FC-4903-8D21-F81B1BB9460B}"
EndProject
Project("{FAE04EC0-301F-11D3-BF4B-00C04F79EFBC}") = "ECommerce.Payment.Api", "src\Services\Payment\ECommerce.Payment.Api\ECommerce.Payment.Api.csproj", "{4625CD90-D755-46F6-97A6-1DF40D6B4CB1}"
EndProject
Project("{2150E333-8FDC-42A3-9474-1A3956D46DE8}") = "Shipping", "Shipping", "{F17A7782-ECBD-508F-80BB-2B1954A6BA93}"
EndProject
Project("{FAE04EC0-301F-11D3-BF4B-00C04F79EFBC}") = "ECommerce.Shipping.Domain", "src\Services\Shipping\ECommerce.Shipping.Domain\ECommerce.Shipping.Domain.csproj", "{F78EDE33-2FF6-44B7-9870-0B42CBF696F4}"
EndProject
Project("{FAE04EC0-301F-11D3-BF4B-00C04F79EFBC}") = "ECommerce.Shipping.Application", "src\Services\Shipping\ECommerce.Shipping.Application\ECommerce.Shipping.Application.csproj", "{6C6D15E6-155C-4404-B46D-C9BEC32DDE80}"
EndProject
Project("{FAE04EC0-301F-11D3-BF4B-00C04F79EFBC}") = "ECommerce.Shipping.Infrastructure", "src\Services\Shipping\ECommerce.Shipping.Infrastructure\ECommerce.Shipping.Infrastructure.csproj", "{F622DF7C-612A-498A-ACE3-A18686A9BFAC}"
EndProject
Project("{FAE04EC0-301F-11D3-BF4B-00C04F79EFBC}") = "ECommerce.Shipping.Api", "src\Services\Shipping\ECommerce.Shipping.Api\ECommerce.Shipping.Api.csproj", "{0E49E8E7-D6D7-453E-A1B4-2325E0A3C77C}"
EndProject
Project("{2150E333-8FDC-42A3-9474-1A3956D46DE8}") = "Notification", "Notification", "{C5FBE174-8E0F-F5A3-B929-8BD0C55C0A32}"
EndProject
Project("{FAE04EC0-301F-11D3-BF4B-00C04F79EFBC}") = "ECommerce.Notification.Domain", "src\Services\Notification\ECommerce.Notification.Domain\ECommerce.Notification.Domain.csproj", "{C6580079-0764-441E-9D61-3896A31EAFE7}"
EndProject
Project("{FAE04EC0-301F-11D3-BF4B-00C04F79EFBC}") = "ECommerce.Notification.Application", "src\Services\Notification\ECommerce.Notification.Application\ECommerce.Notification.Application.csproj", "{C1E186B0-1A09-44A7-9A22-9B6BE918206D}"
EndProject
Project("{FAE04EC0-301F-11D3-BF4B-00C04F79EFBC}") = "ECommerce.Notification.Infrastructure", "src\Services\Notification\ECommerce.Notification.Infrastructure\ECommerce.Notification.Infrastructure.csproj", "{3A225014-E208-4BDC-9D93-6FE5DEEC98D6}"
EndProject
Project("{FAE04EC0-301F-11D3-BF4B-00C04F79EFBC}") = "ECommerce.Notification.Api", "src\Services\Notification\ECommerce.Notification.Api\ECommerce.Notification.Api.csproj", "{53EEDC45-9C7D-49A1-A35F-1E174984E4D9}"
EndProject
Project("{2150E333-8FDC-42A3-9474-1A3956D46DE8}") = "OrderingSaga", "OrderingSaga", "{616FCCA8-3338-13EF-526D-A9F4AFAA50BA}"
EndProject
Project("{FAE04EC0-301F-11D3-BF4B-00C04F79EFBC}") = "ECommerce.OrderingSaga.Domain", "src\Services\OrderingSaga\ECommerce.OrderingSaga.Domain\ECommerce.OrderingSaga.Domain.csproj", "{29B57A45-3978-4659-9ECC-5C8A82742BD5}"
EndProject
Project("{FAE04EC0-301F-11D3-BF4B-00C04F79EFBC}") = "ECommerce.OrderingSaga.Application", "src\Services\OrderingSaga\ECommerce.OrderingSaga.Application\ECommerce.OrderingSaga.Application.csproj", "{9F209CBB-CD29-4E7F-90E2-95E0DE277515}"
EndProject
Project("{FAE04EC0-301F-11D3-BF4B-00C04F79EFBC}") = "ECommerce.OrderingSaga.Infrastructure", "src\Services\OrderingSaga\ECommerce.OrderingSaga.Infrastructure\ECommerce.OrderingSaga.Infrastructure.csproj", "{3586B48D-3DBA-47A6-8C1B-4C8B08ED7964}"
EndProject
Project("{FAE04EC0-301F-11D3-BF4B-00C04F79EFBC}") = "ECommerce.OrderingSaga.Worker", "src\Services\OrderingSaga\ECommerce.OrderingSaga.Worker\ECommerce.OrderingSaga.Worker.csproj", "{B99F9871-6421-4E9A-A905-2395F5714E67}"
EndProject
Project("{2150E333-8FDC-42A3-9474-1A3956D46DE8}") = "ApiGateways", "ApiGateways", "{ED3A6F05-8B42-2A19-DFFE-FDDDF787C538}"
EndProject
Project("{FAE04EC0-301F-11D3-BF4B-00C04F79EFBC}") = "ECommerce.ApiGateway", "src\ApiGateways\ECommerce.ApiGateway\ECommerce.ApiGateway.csproj", "{23FE9E44-686B-41AB-B838-13058C60A3F9}"
EndProject
Project("{2150E333-8FDC-42A3-9474-1A3956D46DE8}") = "Identity", "Identity", "{1BFC9479-12BF-35C3-06B8-42D89D95092B}"
EndProject
Project("{FAE04EC0-301F-11D3-BF4B-00C04F79EFBC}") = "ECommerce.Identity.Domain", "src\Services\Identity\ECommerce.Identity.Domain\ECommerce.Identity.Domain.csproj", "{126366AA-897B-4DA3-A0CE-65DBA36CE87E}"
EndProject
Project("{FAE04EC0-301F-11D3-BF4B-00C04F79EFBC}") = "ECommerce.Identity.Application", "src\Services\Identity\ECommerce.Identity.Application\ECommerce.Identity.Application.csproj", "{B72795DA-7CBB-4441-8F6D-B3B02BD11590}"
EndProject
Project("{FAE04EC0-301F-11D3-BF4B-00C04F79EFBC}") = "ECommerce.Identity.Infrastructure", "src\Services\Identity\ECommerce.Identity.Infrastructure\ECommerce.Identity.Infrastructure.csproj", "{46099AFB-D84C-4E50-A1FC-5D50406C7DDB}"
EndProject
Project("{FAE04EC0-301F-11D3-BF4B-00C04F79EFBC}") = "ECommerce.Identity.Api", "src\Services\Identity\ECommerce.Identity.Api\ECommerce.Identity.Api.csproj", "{6F88F936-30EE-425F-8C9E-5ED125503540}"
EndProject
Project("{2150E333-8FDC-42A3-9474-1A3956D46DE8}") = "tests", "tests", "{0AB3BF05-4346-4AA6-1389-037BE0695223}"
EndProject
Project("{FAE04EC0-301F-11D3-BF4B-00C04F79EFBC}") = "ECommerce.ContractTests", "tests\ECommerce.ContractTests\ECommerce.ContractTests.csproj", "{07866B03-A072-457B-AB95-E65A2FD08F46}"
EndProject
Project("{FAE04EC0-301F-11D3-BF4B-00C04F79EFBC}") = "ECommerce.Inventory.UnitTests", "tests\ECommerce.Inventory.UnitTests\ECommerce.Inventory.UnitTests.csproj", "{8C30CADA-8D67-43A6-92B1-C3C1BA6BCD0A}"
EndProject
Project("{FAE04EC0-301F-11D3-BF4B-00C04F79EFBC}") = "ECommerce.Ordering.UnitTests", "tests\ECommerce.Ordering.UnitTests\ECommerce.Ordering.UnitTests.csproj", "{E48A6FD8-A194-4589-9102-3E181684F1C9}"
EndProject
Project("{2150E333-8FDC-42A3-9474-1A3956D46DE8}") = "tools", "tools", "{07C2787E-EAC7-C090-1BA3-A61EC2A24D84}"
EndProject
Project("{FAE04EC0-301F-11D3-BF4B-00C04F79EFBC}") = "ECommerce.RuntimeChecks", "tools\ECommerce.RuntimeChecks\ECommerce.RuntimeChecks.csproj", "{65916AA8-9EAC-4F90-8B63-1185B3F9645A}"
EndProject
Project("{FAE04EC0-301F-11D3-BF4B-00C04F79EFBC}") = "ECommerce.Shipping.UnitTests", "tests\ECommerce.Shipping.UnitTests\ECommerce.Shipping.UnitTests.csproj", "{7F4CD91E-5B8F-4C76-820F-3FE0EEE17D24}"
EndProject
Project("{FAE04EC0-301F-11D3-BF4B-00C04F79EFBC}") = "ECommerce.Payment.UnitTests", "tests\ECommerce.Payment.UnitTests\ECommerce.Payment.UnitTests.csproj", "{4C43F775-F406-4304-BB1F-427E88312C3B}"
EndProject
Project("{FAE04EC0-301F-11D3-BF4B-00C04F79EFBC}") = "ECommerce.Notification.UnitTests", "tests\ECommerce.Notification.UnitTests\ECommerce.Notification.UnitTests.csproj", "{FDFEC214-9FBD-462A-B143-B805D573F479}"
EndProject
Project("{FAE04EC0-301F-11D3-BF4B-00C04F79EFBC}") = "ECommerce.Inventory.IntegrationTests", "tests\ECommerce.Inventory.IntegrationTests\ECommerce.Inventory.IntegrationTests.csproj", "{9E249002-4FB0-4226-B58C-92AFC8E613EF}"
EndProject
Global
	GlobalSection(SolutionConfigurationPlatforms) = preSolution
		Debug|Any CPU = Debug|Any CPU
		Debug|x64 = Debug|x64
		Debug|x86 = Debug|x86
		Release|Any CPU = Release|Any CPU
		Release|x64 = Release|x64
		Release|x86 = Release|x86
	EndGlobalSection
	GlobalSection(ProjectConfigurationPlatforms) = postSolution
		{2395DC14-1DA0-4D8A-A56B-D65230E5B0CA}.Debug|Any CPU.ActiveCfg = Debug|Any CPU
		{2395DC14-1DA0-4D8A-A56B-D65230E5B0CA}.Debug|Any CPU.Build.0 = Debug|Any CPU
		{2395DC14-1DA0-4D8A-A56B-D65230E5B0CA}.Debug|x64.ActiveCfg = Debug|Any CPU
		{2395DC14-1DA0-4D8A-A56B-D65230E5B0CA}.Debug|x64.Build.0 = Debug|Any CPU
		{2395DC14-1DA0-4D8A-A56B-D65230E5B0CA}.Debug|x86.ActiveCfg = Debug|Any CPU
		{2395DC14-1DA0-4D8A-A56B-D65230E5B0CA}.Debug|x86.Build.0 = Debug|Any CPU
		{2395DC14-1DA0-4D8A-A56B-D65230E5B0CA}.Release|Any CPU.ActiveCfg = Release|Any CPU
		{2395DC14-1DA0-4D8A-A56B-D65230E5B0CA}.Release|Any CPU.Build.0 = Release|Any CPU
		{2395DC14-1DA0-4D8A-A56B-D65230E5B0CA}.Release|x64.ActiveCfg = Release|Any CPU
		{2395DC14-1DA0-4D8A-A56B-D65230E5B0CA}.Release|x64.Build.0 = Release|Any CPU
		{2395DC14-1DA0-4D8A-A56B-D65230E5B0CA}.Release|x86.ActiveCfg = Release|Any CPU
		{2395DC14-1DA0-4D8A-A56B-D65230E5B0CA}.Release|x86.Build.0 = Release|Any CPU
		{8288A4B6-971B-448B-A085-0D65C7F429B0}.Debug|Any CPU.ActiveCfg = Debug|Any CPU
		{8288A4B6-971B-448B-A085-0D65C7F429B0}.Debug|Any CPU.Build.0 = Debug|Any CPU
		{8288A4B6-971B-448B-A085-0D65C7F429B0}.Debug|x64.ActiveCfg = Debug|Any CPU
		{8288A4B6-971B-448B-A085-0D65C7F429B0}.Debug|x64.Build.0 = Debug|Any CPU
		{8288A4B6-971B-448B-A085-0D65C7F429B0}.Debug|x86.ActiveCfg = Debug|Any CPU
		{8288A4B6-971B-448B-A085-0D65C7F429B0}.Debug|x86.Build.0 = Debug|Any CPU
		{8288A4B6-971B-448B-A085-0D65C7F429B0}.Release|Any CPU.ActiveCfg = Release|Any CPU
		{8288A4B6-971B-448B-A085-0D65C7F429B0}.Release|Any CPU.Build.0 = Release|Any CPU
		{8288A4B6-971B-448B-A085-0D65C7F429B0}.Release|x64.ActiveCfg = Release|Any CPU
		{8288A4B6-971B-448B-A085-0D65C7F429B0}.Release|x64.Build.0 = Release|Any CPU
		{8288A4B6-971B-448B-A085-0D65C7F429B0}.Release|x86.ActiveCfg = Release|Any CPU
		{8288A4B6-971B-448B-A085-0D65C7F429B0}.Release|x86.Build.0 = Release|Any CPU
		{4EE18AEC-D862-400A-AF31-AA8621EBDC83}.Debug|Any CPU.ActiveCfg = Debug|Any CPU
		{4EE18AEC-D862-400A-AF31-AA8621EBDC83}.Debug|Any CPU.Build.0 = Debug|Any CPU
		{4EE18AEC-D862-400A-AF31-AA8621EBDC83}.Debug|x64.ActiveCfg = Debug|Any CPU
		{4EE18AEC-D862-400A-AF31-AA8621EBDC83}.Debug|x64.Build.0 = Debug|Any CPU
		{4EE18AEC-D862-400A-AF31-AA8621EBDC83}.Debug|x86.ActiveCfg = Debug|Any CPU
		{4EE18AEC-D862-400A-AF31-AA8621EBDC83}.Debug|x86.Build.0 = Debug|Any CPU
		{4EE18AEC-D862-400A-AF31-AA8621EBDC83}.Release|Any CPU.ActiveCfg = Release|Any CPU
		{4EE18AEC-D862-400A-AF31-AA8621EBDC83}.Release|Any CPU.Build.0 = Release|Any CPU
		{4EE18AEC-D862-400A-AF31-AA8621EBDC83}.Release|x64.ActiveCfg = Release|Any CPU
		{4EE18AEC-D862-400A-AF31-AA8621EBDC83}.Release|x64.Build.0 = Release|Any CPU
		{4EE18AEC-D862-400A-AF31-AA8621EBDC83}.Release|x86.ActiveCfg = Release|Any CPU
		{4EE18AEC-D862-400A-AF31-AA8621EBDC83}.Release|x86.Build.0 = Release|Any CPU
		{D2048A1D-69DE-417B-BC42-2AC7AC07A7A9}.Debug|Any CPU.ActiveCfg = Debug|Any CPU
		{D2048A1D-69DE-417B-BC42-2AC7AC07A7A9}.Debug|Any CPU.Build.0 = Debug|Any CPU
		{D2048A1D-69DE-417B-BC42-2AC7AC07A7A9}.Debug|x64.ActiveCfg = Debug|Any CPU
		{D2048A1D-69DE-417B-BC42-2AC7AC07A7A9}.Debug|x64.Build.0 = Debug|Any CPU
		{D2048A1D-69DE-417B-BC42-2AC7AC07A7A9}.Debug|x86.ActiveCfg = Debug|Any CPU
		{D2048A1D-69DE-417B-BC42-2AC7AC07A7A9}.Debug|x86.Build.0 = Debug|Any CPU
		{D2048A1D-69DE-417B-BC42-2AC7AC07A7A9}.Release|Any CPU.ActiveCfg = Release|Any CPU
		{D2048A1D-69DE-417B-BC42-2AC7AC07A7A9}.Release|Any CPU.Build.0 = Release|Any CPU
		{D2048A1D-69DE-417B-BC42-2AC7AC07A7A9}.Release|x64.ActiveCfg = Release|Any CPU
		{D2048A1D-69DE-417B-BC42-2AC7AC07A7A9}.Release|x64.Build.0 = Release|Any CPU
		{D2048A1D-69DE-417B-BC42-2AC7AC07A7A9}.Release|x86.ActiveCfg = Release|Any CPU
		{D2048A1D-69DE-417B-BC42-2AC7AC07A7A9}.Release|x86.Build.0 = Release|Any CPU
		{EE038FC0-637D-4783-BECF-70D2A83AC8E0}.Debug|Any CPU.ActiveCfg = Debug|Any CPU
		{EE038FC0-637D-4783-BECF-70D2A83AC8E0}.Debug|Any CPU.Build.0 = Debug|Any CPU
		{EE038FC0-637D-4783-BECF-70D2A83AC8E0}.Debug|x64.ActiveCfg = Debug|Any CPU
		{EE038FC0-637D-4783-BECF-70D2A83AC8E0}.Debug|x64.Build.0 = Debug|Any CPU
		{EE038FC0-637D-4783-BECF-70D2A83AC8E0}.Debug|x86.ActiveCfg = Debug|Any CPU
		{EE038FC0-637D-4783-BECF-70D2A83AC8E0}.Debug|x86.Build.0 = Debug|Any CPU
		{EE038FC0-637D-4783-BECF-70D2A83AC8E0}.Release|Any CPU.ActiveCfg = Release|Any CPU
		{EE038FC0-637D-4783-BECF-70D2A83AC8E0}.Release|Any CPU.Build.0 = Release|Any CPU
		{EE038FC0-637D-4783-BECF-70D2A83AC8E0}.Release|x64.ActiveCfg = Release|Any CPU
		{EE038FC0-637D-4783-BECF-70D2A83AC8E0}.Release|x64.Build.0 = Release|Any CPU
		{EE038FC0-637D-4783-BECF-70D2A83AC8E0}.Release|x86.ActiveCfg = Release|Any CPU
		{EE038FC0-637D-4783-BECF-70D2A83AC8E0}.Release|x86.Build.0 = Release|Any CPU
		{4889BD26-1E43-412C-9E51-5A85C67A70C4}.Debug|Any CPU.ActiveCfg = Debug|Any CPU
		{4889BD26-1E43-412C-9E51-5A85C67A70C4}.Debug|Any CPU.Build.0 = Debug|Any CPU
		{4889BD26-1E43-412C-9E51-5A85C67A70C4}.Debug|x64.ActiveCfg = Debug|Any CPU
		{4889BD26-1E43-412C-9E51-5A85C67A70C4}.Debug|x64.Build.0 = Debug|Any CPU
		{4889BD26-1E43-412C-9E51-5A85C67A70C4}.Debug|x86.ActiveCfg = Debug|Any CPU
		{4889BD26-1E43-412C-9E51-5A85C67A70C4}.Debug|x86.Build.0 = Debug|Any CPU
		{4889BD26-1E43-412C-9E51-5A85C67A70C4}.Release|Any CPU.ActiveCfg = Release|Any CPU
		{4889BD26-1E43-412C-9E51-5A85C67A70C4}.Release|Any CPU.Build.0 = Release|Any CPU
		{4889BD26-1E43-412C-9E51-5A85C67A70C4}.Release|x64.ActiveCfg = Release|Any CPU
		{4889BD26-1E43-412C-9E51-5A85C67A70C4}.Release|x64.Build.0 = Release|Any CPU
		{4889BD26-1E43-412C-9E51-5A85C67A70C4}.Release|x86.ActiveCfg = Release|Any CPU
		{4889BD26-1E43-412C-9E51-5A85C67A70C4}.Release|x86.Build.0 = Release|Any CPU
		{C166FCC5-C2C0-4FBD-8B84-74A5BDB1C0AB}.Debug|Any CPU.ActiveCfg = Debug|Any CPU
		{C166FCC5-C2C0-4FBD-8B84-74A5BDB1C0AB}.Debug|Any CPU.Build.0 = Debug|Any CPU
		{C166FCC5-C2C0-4FBD-8B84-74A5BDB1C0AB}.Debug|x64.ActiveCfg = Debug|Any CPU
		{C166FCC5-C2C0-4FBD-8B84-74A5BDB1C0AB}.Debug|x64.Build.0 = Debug|Any CPU
		{C166FCC5-C2C0-4FBD-8B84-74A5BDB1C0AB}.Debug|x86.ActiveCfg = Debug|Any CPU
		{C166FCC5-C2C0-4FBD-8B84-74A5BDB1C0AB}.Debug|x86.Build.0 = Debug|Any CPU
		{C166FCC5-C2C0-4FBD-8B84-74A5BDB1C0AB}.Release|Any CPU.ActiveCfg = Release|Any CPU
		{C166FCC5-C2C0-4FBD-8B84-74A5BDB1C0AB}.Release|Any CPU.Build.0 = Release|Any CPU
		{C166FCC5-C2C0-4FBD-8B84-74A5BDB1C0AB}.Release|x64.ActiveCfg = Release|Any CPU
		{C166FCC5-C2C0-4FBD-8B84-74A5BDB1C0AB}.Release|x64.Build.0 = Release|Any CPU
		{C166FCC5-C2C0-4FBD-8B84-74A5BDB1C0AB}.Release|x86.ActiveCfg = Release|Any CPU
		{C166FCC5-C2C0-4FBD-8B84-74A5BDB1C0AB}.Release|x86.Build.0 = Release|Any CPU
		{86E8C568-8587-485F-8853-56D993307BEF}.Debug|Any CPU.ActiveCfg = Debug|Any CPU
		{86E8C568-8587-485F-8853-56D993307BEF}.Debug|Any CPU.Build.0 = Debug|Any CPU
		{86E8C568-8587-485F-8853-56D993307BEF}.Debug|x64.ActiveCfg = Debug|Any CPU
		{86E8C568-8587-485F-8853-56D993307BEF}.Debug|x64.Build.0 = Debug|Any CPU
		{86E8C568-8587-485F-8853-56D993307BEF}.Debug|x86.ActiveCfg = Debug|Any CPU
		{86E8C568-8587-485F-8853-56D993307BEF}.Debug|x86.Build.0 = Debug|Any CPU
		{86E8C568-8587-485F-8853-56D993307BEF}.Release|Any CPU.ActiveCfg = Release|Any CPU
		{86E8C568-8587-485F-8853-56D993307BEF}.Release|Any CPU.Build.0 = Release|Any CPU
		{86E8C568-8587-485F-8853-56D993307BEF}.Release|x64.ActiveCfg = Release|Any CPU
		{86E8C568-8587-485F-8853-56D993307BEF}.Release|x64.Build.0 = Release|Any CPU
		{86E8C568-8587-485F-8853-56D993307BEF}.Release|x86.ActiveCfg = Release|Any CPU
		{86E8C568-8587-485F-8853-56D993307BEF}.Release|x86.Build.0 = Release|Any CPU
		{7A28AE08-6520-4375-9D37-DB677415EE73}.Debug|Any CPU.ActiveCfg = Debug|Any CPU
		{7A28AE08-6520-4375-9D37-DB677415EE73}.Debug|Any CPU.Build.0 = Debug|Any CPU
		{7A28AE08-6520-4375-9D37-DB677415EE73}.Debug|x64.ActiveCfg = Debug|Any CPU
		{7A28AE08-6520-4375-9D37-DB677415EE73}.Debug|x64.Build.0 = Debug|Any CPU
		{7A28AE08-6520-4375-9D37-DB677415EE73}.Debug|x86.ActiveCfg = Debug|Any CPU
		{7A28AE08-6520-4375-9D37-DB677415EE73}.Debug|x86.Build.0 = Debug|Any CPU
		{7A28AE08-6520-4375-9D37-DB677415EE73}.Release|Any CPU.ActiveCfg = Release|Any CPU
		{7A28AE08-6520-4375-9D37-DB677415EE73}.Release|Any CPU.Build.0 = Release|Any CPU
		{7A28AE08-6520-4375-9D37-DB677415EE73}.Release|x64.ActiveCfg = Release|Any CPU
		{7A28AE08-6520-4375-9D37-DB677415EE73}.Release|x64.Build.0 = Release|Any CPU
		{7A28AE08-6520-4375-9D37-DB677415EE73}.Release|x86.ActiveCfg = Release|Any CPU
		{7A28AE08-6520-4375-9D37-DB677415EE73}.Release|x86.Build.0 = Release|Any CPU
		{47D6D00F-E72A-48BD-9FB0-1BE22483B5AB}.Debug|Any CPU.ActiveCfg = Debug|Any CPU
		{47D6D00F-E72A-48BD-9FB0-1BE22483B5AB}.Debug|Any CPU.Build.0 = Debug|Any CPU
		{47D6D00F-E72A-48BD-9FB0-1BE22483B5AB}.Debug|x64.ActiveCfg = Debug|Any CPU
		{47D6D00F-E72A-48BD-9FB0-1BE22483B5AB}.Debug|x64.Build.0 = Debug|Any CPU
		{47D6D00F-E72A-48BD-9FB0-1BE22483B5AB}.Debug|x86.ActiveCfg = Debug|Any CPU
		{47D6D00F-E72A-48BD-9FB0-1BE22483B5AB}.Debug|x86.Build.0 = Debug|Any CPU
		{47D6D00F-E72A-48BD-9FB0-1BE22483B5AB}.Release|Any CPU.ActiveCfg = Release|Any CPU
		{47D6D00F-E72A-48BD-9FB0-1BE22483B5AB}.Release|Any CPU.Build.0 = Release|Any CPU
		{47D6D00F-E72A-48BD-9FB0-1BE22483B5AB}.Release|x64.ActiveCfg = Release|Any CPU
		{47D6D00F-E72A-48BD-9FB0-1BE22483B5AB}.Release|x64.Build.0 = Release|Any CPU
		{47D6D00F-E72A-48BD-9FB0-1BE22483B5AB}.Release|x86.ActiveCfg = Release|Any CPU
		{47D6D00F-E72A-48BD-9FB0-1BE22483B5AB}.Release|x86.Build.0 = Release|Any CPU
		{72713322-5110-4D47-A7D2-A5C19A825F9C}.Debug|Any CPU.ActiveCfg = Debug|Any CPU
		{72713322-5110-4D47-A7D2-A5C19A825F9C}.Debug|Any CPU.Build.0 = Debug|Any CPU
		{72713322-5110-4D47-A7D2-A5C19A825F9C}.Debug|x64.ActiveCfg = Debug|Any CPU
		{72713322-5110-4D47-A7D2-A5C19A825F9C}.Debug|x64.Build.0 = Debug|Any CPU
		{72713322-5110-4D47-A7D2-A5C19A825F9C}.Debug|x86.ActiveCfg = Debug|Any CPU
		{72713322-5110-4D47-A7D2-A5C19A825F9C}.Debug|x86.Build.0 = Debug|Any CPU
		{72713322-5110-4D47-A7D2-A5C19A825F9C}.Release|Any CPU.ActiveCfg = Release|Any CPU
		{72713322-5110-4D47-A7D2-A5C19A825F9C}.Release|Any CPU.Build.0 = Release|Any CPU
		{72713322-5110-4D47-A7D2-A5C19A825F9C}.Release|x64.ActiveCfg = Release|Any CPU
		{72713322-5110-4D47-A7D2-A5C19A825F9C}.Release|x64.Build.0 = Release|Any CPU
		{72713322-5110-4D47-A7D2-A5C19A825F9C}.Release|x86.ActiveCfg = Release|Any CPU
		{72713322-5110-4D47-A7D2-A5C19A825F9C}.Release|x86.Build.0 = Release|Any CPU
		{3328ABD0-62FD-4DAB-882B-7EE0954E67A0}.Debug|Any CPU.ActiveCfg = Debug|Any CPU
		{3328ABD0-62FD-4DAB-882B-7EE0954E67A0}.Debug|Any CPU.Build.0 = Debug|Any CPU
		{3328ABD0-62FD-4DAB-882B-7EE0954E67A0}.Debug|x64.ActiveCfg = Debug|Any CPU
		{3328ABD0-62FD-4DAB-882B-7EE0954E67A0}.Debug|x64.Build.0 = Debug|Any CPU
		{3328ABD0-62FD-4DAB-882B-7EE0954E67A0}.Debug|x86.ActiveCfg = Debug|Any CPU
		{3328ABD0-62FD-4DAB-882B-7EE0954E67A0}.Debug|x86.Build.0 = Debug|Any CPU
		{3328ABD0-62FD-4DAB-882B-7EE0954E67A0}.Release|Any CPU.ActiveCfg = Release|Any CPU
		{3328ABD0-62FD-4DAB-882B-7EE0954E67A0}.Release|Any CPU.Build.0 = Release|Any CPU
		{3328ABD0-62FD-4DAB-882B-7EE0954E67A0}.Release|x64.ActiveCfg = Release|Any CPU
		{3328ABD0-62FD-4DAB-882B-7EE0954E67A0}.Release|x64.Build.0 = Release|Any CPU
		{3328ABD0-62FD-4DAB-882B-7EE0954E67A0}.Release|x86.ActiveCfg = Release|Any CPU
		{3328ABD0-62FD-4DAB-882B-7EE0954E67A0}.Release|x86.Build.0 = Release|Any CPU
		{474E2E6A-2C19-4DF6-814F-B3141DCAAE82}.Debug|Any CPU.ActiveCfg = Debug|Any CPU
		{474E2E6A-2C19-4DF6-814F-B3141DCAAE82}.Debug|Any CPU.Build.0 = Debug|Any CPU
		{474E2E6A-2C19-4DF6-814F-B3141DCAAE82}.Debug|x64.ActiveCfg = Debug|Any CPU
		{474E2E6A-2C19-4DF6-814F-B3141DCAAE82}.Debug|x64.Build.0 = Debug|Any CPU
		{474E2E6A-2C19-4DF6-814F-B3141DCAAE82}.Debug|x86.ActiveCfg = Debug|Any CPU
		{474E2E6A-2C19-4DF6-814F-B3141DCAAE82}.Debug|x86.Build.0 = Debug|Any CPU
		{474E2E6A-2C19-4DF6-814F-B3141DCAAE82}.Release|Any CPU.ActiveCfg = Release|Any CPU
		{474E2E6A-2C19-4DF6-814F-B3141DCAAE82}.Release|Any CPU.Build.0 = Release|Any CPU
		{474E2E6A-2C19-4DF6-814F-B3141DCAAE82}.Release|x64.ActiveCfg = Release|Any CPU
		{474E2E6A-2C19-4DF6-814F-B3141DCAAE82}.Release|x64.Build.0 = Release|Any CPU
		{474E2E6A-2C19-4DF6-814F-B3141DCAAE82}.Release|x86.ActiveCfg = Release|Any CPU
		{474E2E6A-2C19-4DF6-814F-B3141DCAAE82}.Release|x86.Build.0 = Release|Any CPU
		{BE85031B-3157-4C78-A0E3-39D11D4D5C32}.Debug|Any CPU.ActiveCfg = Debug|Any CPU
		{BE85031B-3157-4C78-A0E3-39D11D4D5C32}.Debug|Any CPU.Build.0 = Debug|Any CPU
		{BE85031B-3157-4C78-A0E3-39D11D4D5C32}.Debug|x64.ActiveCfg = Debug|Any CPU
		{BE85031B-3157-4C78-A0E3-39D11D4D5C32}.Debug|x64.Build.0 = Debug|Any CPU
		{BE85031B-3157-4C78-A0E3-39D11D4D5C32}.Debug|x86.ActiveCfg = Debug|Any CPU
		{BE85031B-3157-4C78-A0E3-39D11D4D5C32}.Debug|x86.Build.0 = Debug|Any CPU
		{BE85031B-3157-4C78-A0E3-39D11D4D5C32}.Release|Any CPU.ActiveCfg = Release|Any CPU
		{BE85031B-3157-4C78-A0E3-39D11D4D5C32}.Release|Any CPU.Build.0 = Release|Any CPU
		{BE85031B-3157-4C78-A0E3-39D11D4D5C32}.Release|x64.ActiveCfg = Release|Any CPU
		{BE85031B-3157-4C78-A0E3-39D11D4D5C32}.Release|x64.Build.0 = Release|Any CPU
		{BE85031B-3157-4C78-A0E3-39D11D4D5C32}.Release|x86.ActiveCfg = Release|Any CPU
		{BE85031B-3157-4C78-A0E3-39D11D4D5C32}.Release|x86.Build.0 = Release|Any CPU
		{8CDE2A1D-35A0-470B-91B0-6A3025B133C8}.Debug|Any CPU.ActiveCfg = Debug|Any CPU
		{8CDE2A1D-35A0-470B-91B0-6A3025B133C8}.Debug|Any CPU.Build.0 = Debug|Any CPU
		{8CDE2A1D-35A0-470B-91B0-6A3025B133C8}.Debug|x64.ActiveCfg = Debug|Any CPU
		{8CDE2A1D-35A0-470B-91B0-6A3025B133C8}.Debug|x64.Build.0 = Debug|Any CPU
		{8CDE2A1D-35A0-470B-91B0-6A3025B133C8}.Debug|x86.ActiveCfg = Debug|Any CPU
		{8CDE2A1D-35A0-470B-91B0-6A3025B133C8}.Debug|x86.Build.0 = Debug|Any CPU
		{8CDE2A1D-35A0-470B-91B0-6A3025B133C8}.Release|Any CPU.ActiveCfg = Release|Any CPU
		{8CDE2A1D-35A0-470B-91B0-6A3025B133C8}.Release|Any CPU.Build.0 = Release|Any CPU
		{8CDE2A1D-35A0-470B-91B0-6A3025B133C8}.Release|x64.ActiveCfg = Release|Any CPU
		{8CDE2A1D-35A0-470B-91B0-6A3025B133C8}.Release|x64.Build.0 = Release|Any CPU
		{8CDE2A1D-35A0-470B-91B0-6A3025B133C8}.Release|x86.ActiveCfg = Release|Any CPU
		{8CDE2A1D-35A0-470B-91B0-6A3025B133C8}.Release|x86.Build.0 = Release|Any CPU
		{E7D2CDC8-51FA-440D-B93F-A997F0BE7B6F}.Debug|Any CPU.ActiveCfg = Debug|Any CPU
		{E7D2CDC8-51FA-440D-B93F-A997F0BE7B6F}.Debug|Any CPU.Build.0 = Debug|Any CPU
		{E7D2CDC8-51FA-440D-B93F-A997F0BE7B6F}.Debug|x64.ActiveCfg = Debug|Any CPU
		{E7D2CDC8-51FA-440D-B93F-A997F0BE7B6F}.Debug|x64.Build.0 = Debug|Any CPU
		{E7D2CDC8-51FA-440D-B93F-A997F0BE7B6F}.Debug|x86.ActiveCfg = Debug|Any CPU
		{E7D2CDC8-51FA-440D-B93F-A997F0BE7B6F}.Debug|x86.Build.0 = Debug|Any CPU
		{E7D2CDC8-51FA-440D-B93F-A997F0BE7B6F}.Release|Any CPU.ActiveCfg = Release|Any CPU
		{E7D2CDC8-51FA-440D-B93F-A997F0BE7B6F}.Release|Any CPU.Build.0 = Release|Any CPU
		{E7D2CDC8-51FA-440D-B93F-A997F0BE7B6F}.Release|x64.ActiveCfg = Release|Any CPU
		{E7D2CDC8-51FA-440D-B93F-A997F0BE7B6F}.Release|x64.Build.0 = Release|Any CPU
		{E7D2CDC8-51FA-440D-B93F-A997F0BE7B6F}.Release|x86.ActiveCfg = Release|Any CPU
		{E7D2CDC8-51FA-440D-B93F-A997F0BE7B6F}.Release|x86.Build.0 = Release|Any CPU
		{326526F3-72DF-4054-BCAF-55B4DB0F8F6C}.Debug|Any CPU.ActiveCfg = Debug|Any CPU
		{326526F3-72DF-4054-BCAF-55B4DB0F8F6C}.Debug|Any CPU.Build.0 = Debug|Any CPU
		{326526F3-72DF-4054-BCAF-55B4DB0F8F6C}.Debug|x64.ActiveCfg = Debug|Any CPU
		{326526F3-72DF-4054-BCAF-55B4DB0F8F6C}.Debug|x64.Build.0 = Debug|Any CPU
		{326526F3-72DF-4054-BCAF-55B4DB0F8F6C}.Debug|x86.ActiveCfg = Debug|Any CPU
		{326526F3-72DF-4054-BCAF-55B4DB0F8F6C}.Debug|x86.Build.0 = Debug|Any CPU
		{326526F3-72DF-4054-BCAF-55B4DB0F8F6C}.Release|Any CPU.ActiveCfg = Release|Any CPU
		{326526F3-72DF-4054-BCAF-55B4DB0F8F6C}.Release|Any CPU.Build.0 = Release|Any CPU
		{326526F3-72DF-4054-BCAF-55B4DB0F8F6C}.Release|x64.ActiveCfg = Release|Any CPU
		{326526F3-72DF-4054-BCAF-55B4DB0F8F6C}.Release|x64.Build.0 = Release|Any CPU
		{326526F3-72DF-4054-BCAF-55B4DB0F8F6C}.Release|x86.ActiveCfg = Release|Any CPU
		{326526F3-72DF-4054-BCAF-55B4DB0F8F6C}.Release|x86.Build.0 = Release|Any CPU
		{5BCD346D-7DD8-464C-9416-B5F1073C0277}.Debug|Any CPU.ActiveCfg = Debug|Any CPU
		{5BCD346D-7DD8-464C-9416-B5F1073C0277}.Debug|Any CPU.Build.0 = Debug|Any CPU
		{5BCD346D-7DD8-464C-9416-B5F1073C0277}.Debug|x64.ActiveCfg = Debug|Any CPU
		{5BCD346D-7DD8-464C-9416-B5F1073C0277}.Debug|x64.Build.0 = Debug|Any CPU
		{5BCD346D-7DD8-464C-9416-B5F1073C0277}.Debug|x86.ActiveCfg = Debug|Any CPU
		{5BCD346D-7DD8-464C-9416-B5F1073C0277}.Debug|x86.Build.0 = Debug|Any CPU
		{5BCD346D-7DD8-464C-9416-B5F1073C0277}.Release|Any CPU.ActiveCfg = Release|Any CPU
		{5BCD346D-7DD8-464C-9416-B5F1073C0277}.Release|Any CPU.Build.0 = Release|Any CPU
		{5BCD346D-7DD8-464C-9416-B5F1073C0277}.Release|x64.ActiveCfg = Release|Any CPU
		{5BCD346D-7DD8-464C-9416-B5F1073C0277}.Release|x64.Build.0 = Release|Any CPU
		{5BCD346D-7DD8-464C-9416-B5F1073C0277}.Release|x86.ActiveCfg = Release|Any CPU
		{5BCD346D-7DD8-464C-9416-B5F1073C0277}.Release|x86.Build.0 = Release|Any CPU
		{93386B04-2481-4D31-AD01-DFF03632528E}.Debug|Any CPU.ActiveCfg = Debug|Any CPU
		{93386B04-2481-4D31-AD01-DFF03632528E}.Debug|Any CPU.Build.0 = Debug|Any CPU
		{93386B04-2481-4D31-AD01-DFF03632528E}.Debug|x64.ActiveCfg = Debug|Any CPU
		{93386B04-2481-4D31-AD01-DFF03632528E}.Debug|x64.Build.0 = Debug|Any CPU
		{93386B04-2481-4D31-AD01-DFF03632528E}.Debug|x86.ActiveCfg = Debug|Any CPU
		{93386B04-2481-4D31-AD01-DFF03632528E}.Debug|x86.Build.0 = Debug|Any CPU
		{93386B04-2481-4D31-AD01-DFF03632528E}.Release|Any CPU.ActiveCfg = Release|Any CPU
		{93386B04-2481-4D31-AD01-DFF03632528E}.Release|Any CPU.Build.0 = Release|Any CPU
		{93386B04-2481-4D31-AD01-DFF03632528E}.Release|x64.ActiveCfg = Release|Any CPU
		{93386B04-2481-4D31-AD01-DFF03632528E}.Release|x64.Build.0 = Release|Any CPU
		{93386B04-2481-4D31-AD01-DFF03632528E}.Release|x86.ActiveCfg = Release|Any CPU
		{93386B04-2481-4D31-AD01-DFF03632528E}.Release|x86.Build.0 = Release|Any CPU
		{FF0ED35D-DDA7-4B95-A0A2-5EB4A1BE689F}.Debug|Any CPU.ActiveCfg = Debug|Any CPU
		{FF0ED35D-DDA7-4B95-A0A2-5EB4A1BE689F}.Debug|Any CPU.Build.0 = Debug|Any CPU
		{FF0ED35D-DDA7-4B95-A0A2-5EB4A1BE689F}.Debug|x64.ActiveCfg = Debug|Any CPU
		{FF0ED35D-DDA7-4B95-A0A2-5EB4A1BE689F}.Debug|x64.Build.0 = Debug|Any CPU
		{FF0ED35D-DDA7-4B95-A0A2-5EB4A1BE689F}.Debug|x86.ActiveCfg = Debug|Any CPU
		{FF0ED35D-DDA7-4B95-A0A2-5EB4A1BE689F}.Debug|x86.Build.0 = Debug|Any CPU
		{FF0ED35D-DDA7-4B95-A0A2-5EB4A1BE689F}.Release|Any CPU.ActiveCfg = Release|Any CPU
		{FF0ED35D-DDA7-4B95-A0A2-5EB4A1BE689F}.Release|Any CPU.Build.0 = Release|Any CPU
		{FF0ED35D-DDA7-4B95-A0A2-5EB4A1BE689F}.Release|x64.ActiveCfg = Release|Any CPU
		{FF0ED35D-DDA7-4B95-A0A2-5EB4A1BE689F}.Release|x64.Build.0 = Release|Any CPU
		{FF0ED35D-DDA7-4B95-A0A2-5EB4A1BE689F}.Release|x86.ActiveCfg = Release|Any CPU
		{FF0ED35D-DDA7-4B95-A0A2-5EB4A1BE689F}.Release|x86.Build.0 = Release|Any CPU
		{71020050-AEA4-4BA4-8866-6B6D177DC8FF}.Debug|Any CPU.ActiveCfg = Debug|Any CPU
		{71020050-AEA4-4BA4-8866-6B6D177DC8FF}.Debug|Any CPU.Build.0 = Debug|Any CPU
		{71020050-AEA4-4BA4-8866-6B6D177DC8FF}.Debug|x64.ActiveCfg = Debug|Any CPU
		{71020050-AEA4-4BA4-8866-6B6D177DC8FF}.Debug|x64.Build.0 = Debug|Any CPU
		{71020050-AEA4-4BA4-8866-6B6D177DC8FF}.Debug|x86.ActiveCfg = Debug|Any CPU
		{71020050-AEA4-4BA4-8866-6B6D177DC8FF}.Debug|x86.Build.0 = Debug|Any CPU
		{71020050-AEA4-4BA4-8866-6B6D177DC8FF}.Release|Any CPU.ActiveCfg = Release|Any CPU
		{71020050-AEA4-4BA4-8866-6B6D177DC8FF}.Release|Any CPU.Build.0 = Release|Any CPU
		{71020050-AEA4-4BA4-8866-6B6D177DC8FF}.Release|x64.ActiveCfg = Release|Any CPU
		{71020050-AEA4-4BA4-8866-6B6D177DC8FF}.Release|x64.Build.0 = Release|Any CPU
		{71020050-AEA4-4BA4-8866-6B6D177DC8FF}.Release|x86.ActiveCfg = Release|Any CPU
		{71020050-AEA4-4BA4-8866-6B6D177DC8FF}.Release|x86.Build.0 = Release|Any CPU
		{9264A3B8-B829-4983-86F4-F3495C5F2584}.Debug|Any CPU.ActiveCfg = Debug|Any CPU
		{9264A3B8-B829-4983-86F4-F3495C5F2584}.Debug|Any CPU.Build.0 = Debug|Any CPU
		{9264A3B8-B829-4983-86F4-F3495C5F2584}.Debug|x64.ActiveCfg = Debug|Any CPU
		{9264A3B8-B829-4983-86F4-F3495C5F2584}.Debug|x64.Build.0 = Debug|Any CPU
		{9264A3B8-B829-4983-86F4-F3495C5F2584}.Debug|x86.ActiveCfg = Debug|Any CPU
		{9264A3B8-B829-4983-86F4-F3495C5F2584}.Debug|x86.Build.0 = Debug|Any CPU
		{9264A3B8-B829-4983-86F4-F3495C5F2584}.Release|Any CPU.ActiveCfg = Release|Any CPU
		{9264A3B8-B829-4983-86F4-F3495C5F2584}.Release|Any CPU.Build.0 = Release|Any CPU
		{9264A3B8-B829-4983-86F4-F3495C5F2584}.Release|x64.ActiveCfg = Release|Any CPU
		{9264A3B8-B829-4983-86F4-F3495C5F2584}.Release|x64.Build.0 = Release|Any CPU
		{9264A3B8-B829-4983-86F4-F3495C5F2584}.Release|x86.ActiveCfg = Release|Any CPU
		{9264A3B8-B829-4983-86F4-F3495C5F2584}.Release|x86.Build.0 = Release|Any CPU
		{0BF3D607-94FF-4C1E-8DA5-68BC2DD4FDF4}.Debug|Any CPU.ActiveCfg = Debug|Any CPU
		{0BF3D607-94FF-4C1E-8DA5-68BC2DD4FDF4}.Debug|Any CPU.Build.0 = Debug|Any CPU
		{0BF3D607-94FF-4C1E-8DA5-68BC2DD4FDF4}.Debug|x64.ActiveCfg = Debug|Any CPU
		{0BF3D607-94FF-4C1E-8DA5-68BC2DD4FDF4}.Debug|x64.Build.0 = Debug|Any CPU
		{0BF3D607-94FF-4C1E-8DA5-68BC2DD4FDF4}.Debug|x86.ActiveCfg = Debug|Any CPU
		{0BF3D607-94FF-4C1E-8DA5-68BC2DD4FDF4}.Debug|x86.Build.0 = Debug|Any CPU
		{0BF3D607-94FF-4C1E-8DA5-68BC2DD4FDF4}.Release|Any CPU.ActiveCfg = Release|Any CPU
		{0BF3D607-94FF-4C1E-8DA5-68BC2DD4FDF4}.Release|Any CPU.Build.0 = Release|Any CPU
		{0BF3D607-94FF-4C1E-8DA5-68BC2DD4FDF4}.Release|x64.ActiveCfg = Release|Any CPU
		{0BF3D607-94FF-4C1E-8DA5-68BC2DD4FDF4}.Release|x64.Build.0 = Release|Any CPU
		{0BF3D607-94FF-4C1E-8DA5-68BC2DD4FDF4}.Release|x86.ActiveCfg = Release|Any CPU
		{0BF3D607-94FF-4C1E-8DA5-68BC2DD4FDF4}.Release|x86.Build.0 = Release|Any CPU
		{485507FB-D0F3-4F6A-8D72-CE442C914CBA}.Debug|Any CPU.ActiveCfg = Debug|Any CPU
		{485507FB-D0F3-4F6A-8D72-CE442C914CBA}.Debug|Any CPU.Build.0 = Debug|Any CPU
		{485507FB-D0F3-4F6A-8D72-CE442C914CBA}.Debug|x64.ActiveCfg = Debug|Any CPU
		{485507FB-D0F3-4F6A-8D72-CE442C914CBA}.Debug|x64.Build.0 = Debug|Any CPU
		{485507FB-D0F3-4F6A-8D72-CE442C914CBA}.Debug|x86.ActiveCfg = Debug|Any CPU
		{485507FB-D0F3-4F6A-8D72-CE442C914CBA}.Debug|x86.Build.0 = Debug|Any CPU
		{485507FB-D0F3-4F6A-8D72-CE442C914CBA}.Release|Any CPU.ActiveCfg = Release|Any CPU
		{485507FB-D0F3-4F6A-8D72-CE442C914CBA}.Release|Any CPU.Build.0 = Release|Any CPU
		{485507FB-D0F3-4F6A-8D72-CE442C914CBA}.Release|x64.ActiveCfg = Release|Any CPU
		{485507FB-D0F3-4F6A-8D72-CE442C914CBA}.Release|x64.Build.0 = Release|Any CPU
		{485507FB-D0F3-4F6A-8D72-CE442C914CBA}.Release|x86.ActiveCfg = Release|Any CPU
		{485507FB-D0F3-4F6A-8D72-CE442C914CBA}.Release|x86.Build.0 = Release|Any CPU
		{B07C71A9-F4FC-4903-8D21-F81B1BB9460B}.Debug|Any CPU.ActiveCfg = Debug|Any CPU
		{B07C71A9-F4FC-4903-8D21-F81B1BB9460B}.Debug|Any CPU.Build.0 = Debug|Any CPU
		{B07C71A9-F4FC-4903-8D21-F81B1BB9460B}.Debug|x64.ActiveCfg = Debug|Any CPU
		{B07C71A9-F4FC-4903-8D21-F81B1BB9460B}.Debug|x64.Build.0 = Debug|Any CPU
		{B07C71A9-F4FC-4903-8D21-F81B1BB9460B}.Debug|x86.ActiveCfg = Debug|Any CPU
		{B07C71A9-F4FC-4903-8D21-F81B1BB9460B}.Debug|x86.Build.0 = Debug|Any CPU
		{B07C71A9-F4FC-4903-8D21-F81B1BB9460B}.Release|Any CPU.ActiveCfg = Release|Any CPU
		{B07C71A9-F4FC-4903-8D21-F81B1BB9460B}.Release|Any CPU.Build.0 = Release|Any CPU
		{B07C71A9-F4FC-4903-8D21-F81B1BB9460B}.Release|x64.ActiveCfg = Release|Any CPU
		{B07C71A9-F4FC-4903-8D21-F81B1BB9460B}.Release|x64.Build.0 = Release|Any CPU
		{B07C71A9-F4FC-4903-8D21-F81B1BB9460B}.Release|x86.ActiveCfg = Release|Any CPU
		{B07C71A9-F4FC-4903-8D21-F81B1BB9460B}.Release|x86.Build.0 = Release|Any CPU
		{4625CD90-D755-46F6-97A6-1DF40D6B4CB1}.Debug|Any CPU.ActiveCfg = Debug|Any CPU
		{4625CD90-D755-46F6-97A6-1DF40D6B4CB1}.Debug|Any CPU.Build.0 = Debug|Any CPU
		{4625CD90-D755-46F6-97A6-1DF40D6B4CB1}.Debug|x64.ActiveCfg = Debug|Any CPU
		{4625CD90-D755-46F6-97A6-1DF40D6B4CB1}.Debug|x64.Build.0 = Debug|Any CPU
		{4625CD90-D755-46F6-97A6-1DF40D6B4CB1}.Debug|x86.ActiveCfg = Debug|Any CPU
		{4625CD90-D755-46F6-97A6-1DF40D6B4CB1}.Debug|x86.Build.0 = Debug|Any CPU
		{4625CD90-D755-46F6-97A6-1DF40D6B4CB1}.Release|Any CPU.ActiveCfg = Release|Any CPU
		{4625CD90-D755-46F6-97A6-1DF40D6B4CB1}.Release|Any CPU.Build.0 = Release|Any CPU
		{4625CD90-D755-46F6-97A6-1DF40D6B4CB1}.Release|x64.ActiveCfg = Release|Any CPU
		{4625CD90-D755-46F6-97A6-1DF40D6B4CB1}.Release|x64.Build.0 = Release|Any CPU
		{4625CD90-D755-46F6-97A6-1DF40D6B4CB1}.Release|x86.ActiveCfg = Release|Any CPU
		{4625CD90-D755-46F6-97A6-1DF40D6B4CB1}.Release|x86.Build.0 = Release|Any CPU
		{F78EDE33-2FF6-44B7-9870-0B42CBF696F4}.Debug|Any CPU.ActiveCfg = Debug|Any CPU
		{F78EDE33-2FF6-44B7-9870-0B42CBF696F4}.Debug|Any CPU.Build.0 = Debug|Any CPU
		{F78EDE33-2FF6-44B7-9870-0B42CBF696F4}.Debug|x64.ActiveCfg = Debug|Any CPU
		{F78EDE33-2FF6-44B7-9870-0B42CBF696F4}.Debug|x64.Build.0 = Debug|Any CPU
		{F78EDE33-2FF6-44B7-9870-0B42CBF696F4}.Debug|x86.ActiveCfg = Debug|Any CPU
		{F78EDE33-2FF6-44B7-9870-0B42CBF696F4}.Debug|x86.Build.0 = Debug|Any CPU
		{F78EDE33-2FF6-44B7-9870-0B42CBF696F4}.Release|Any CPU.ActiveCfg = Release|Any CPU
		{F78EDE33-2FF6-44B7-9870-0B42CBF696F4}.Release|Any CPU.Build.0 = Release|Any CPU
		{F78EDE33-2FF6-44B7-9870-0B42CBF696F4}.Release|x64.ActiveCfg = Release|Any CPU
		{F78EDE33-2FF6-44B7-9870-0B42CBF696F4}.Release|x64.Build.0 = Release|Any CPU
		{F78EDE33-2FF6-44B7-9870-0B42CBF696F4}.Release|x86.ActiveCfg = Release|Any CPU
		{F78EDE33-2FF6-44B7-9870-0B42CBF696F4}.Release|x86.Build.0 = Release|Any CPU
		{6C6D15E6-155C-4404-B46D-C9BEC32DDE80}.Debug|Any CPU.ActiveCfg = Debug|Any CPU
		{6C6D15E6-155C-4404-B46D-C9BEC32DDE80}.Debug|Any CPU.Build.0 = Debug|Any CPU
		{6C6D15E6-155C-4404-B46D-C9BEC32DDE80}.Debug|x64.ActiveCfg = Debug|Any CPU
		{6C6D15E6-155C-4404-B46D-C9BEC32DDE80}.Debug|x64.Build.0 = Debug|Any CPU
		{6C6D15E6-155C-4404-B46D-C9BEC32DDE80}.Debug|x86.ActiveCfg = Debug|Any CPU
		{6C6D15E6-155C-4404-B46D-C9BEC32DDE80}.Debug|x86.Build.0 = Debug|Any CPU
		{6C6D15E6-155C-4404-B46D-C9BEC32DDE80}.Release|Any CPU.ActiveCfg = Release|Any CPU
		{6C6D15E6-155C-4404-B46D-C9BEC32DDE80}.Release|Any CPU.Build.0 = Release|Any CPU
		{6C6D15E6-155C-4404-B46D-C9BEC32DDE80}.Release|x64.ActiveCfg = Release|Any CPU
		{6C6D15E6-155C-4404-B46D-C9BEC32DDE80}.Release|x64.Build.0 = Release|Any CPU
		{6C6D15E6-155C-4404-B46D-C9BEC32DDE80}.Release|x86.ActiveCfg = Release|Any CPU
		{6C6D15E6-155C-4404-B46D-C9BEC32DDE80}.Release|x86.Build.0 = Release|Any CPU
		{F622DF7C-612A-498A-ACE3-A18686A9BFAC}.Debug|Any CPU.ActiveCfg = Debug|Any CPU
		{F622DF7C-612A-498A-ACE3-A18686A9BFAC}.Debug|Any CPU.Build.0 = Debug|Any CPU
		{F622DF7C-612A-498A-ACE3-A18686A9BFAC}.Debug|x64.ActiveCfg = Debug|Any CPU
		{F622DF7C-612A-498A-ACE3-A18686A9BFAC}.Debug|x64.Build.0 = Debug|Any CPU
		{F622DF7C-612A-498A-ACE3-A18686A9BFAC}.Debug|x86.ActiveCfg = Debug|Any CPU
		{F622DF7C-612A-498A-ACE3-A18686A9BFAC}.Debug|x86.Build.0 = Debug|Any CPU
		{F622DF7C-612A-498A-ACE3-A18686A9BFAC}.Release|Any CPU.ActiveCfg = Release|Any CPU
		{F622DF7C-612A-498A-ACE3-A18686A9BFAC}.Release|Any CPU.Build.0 = Release|Any CPU
		{F622DF7C-612A-498A-ACE3-A18686A9BFAC}.Release|x64.ActiveCfg = Release|Any CPU
		{F622DF7C-612A-498A-ACE3-A18686A9BFAC}.Release|x64.Build.0 = Release|Any CPU
		{F622DF7C-612A-498A-ACE3-A18686A9BFAC}.Release|x86.ActiveCfg = Release|Any CPU
		{F622DF7C-612A-498A-ACE3-A18686A9BFAC}.Release|x86.Build.0 = Release|Any CPU
		{0E49E8E7-D6D7-453E-A1B4-2325E0A3C77C}.Debug|Any CPU.ActiveCfg = Debug|Any CPU
		{0E49E8E7-D6D7-453E-A1B4-2325E0A3C77C}.Debug|Any CPU.Build.0 = Debug|Any CPU
		{0E49E8E7-D6D7-453E-A1B4-2325E0A3C77C}.Debug|x64.ActiveCfg = Debug|Any CPU
		{0E49E8E7-D6D7-453E-A1B4-2325E0A3C77C}.Debug|x64.Build.0 = Debug|Any CPU
		{0E49E8E7-D6D7-453E-A1B4-2325E0A3C77C}.Debug|x86.ActiveCfg = Debug|Any CPU
		{0E49E8E7-D6D7-453E-A1B4-2325E0A3C77C}.Debug|x86.Build.0 = Debug|Any CPU
		{0E49E8E7-D6D7-453E-A1B4-2325E0A3C77C}.Release|Any CPU.ActiveCfg = Release|Any CPU
		{0E49E8E7-D6D7-453E-A1B4-2325E0A3C77C}.Release|Any CPU.Build.0 = Release|Any CPU
		{0E49E8E7-D6D7-453E-A1B4-2325E0A3C77C}.Release|x64.ActiveCfg = Release|Any CPU
		{0E49E8E7-D6D7-453E-A1B4-2325E0A3C77C}.Release|x64.Build.0 = Release|Any CPU
		{0E49E8E7-D6D7-453E-A1B4-2325E0A3C77C}.Release|x86.ActiveCfg = Release|Any CPU
		{0E49E8E7-D6D7-453E-A1B4-2325E0A3C77C}.Release|x86.Build.0 = Release|Any CPU
		{C6580079-0764-441E-9D61-3896A31EAFE7}.Debug|Any CPU.ActiveCfg = Debug|Any CPU
		{C6580079-0764-441E-9D61-3896A31EAFE7}.Debug|Any CPU.Build.0 = Debug|Any CPU
		{C6580079-0764-441E-9D61-3896A31EAFE7}.Debug|x64.ActiveCfg = Debug|Any CPU
		{C6580079-0764-441E-9D61-3896A31EAFE7}.Debug|x64.Build.0 = Debug|Any CPU
		{C6580079-0764-441E-9D61-3896A31EAFE7}.Debug|x86.ActiveCfg = Debug|Any CPU
		{C6580079-0764-441E-9D61-3896A31EAFE7}.Debug|x86.Build.0 = Debug|Any CPU
		{C6580079-0764-441E-9D61-3896A31EAFE7}.Release|Any CPU.ActiveCfg = Release|Any CPU
		{C6580079-0764-441E-9D61-3896A31EAFE7}.Release|Any CPU.Build.0 = Release|Any CPU
		{C6580079-0764-441E-9D61-3896A31EAFE7}.Release|x64.ActiveCfg = Release|Any CPU
		{C6580079-0764-441E-9D61-3896A31EAFE7}.Release|x64.Build.0 = Release|Any CPU
		{C6580079-0764-441E-9D61-3896A31EAFE7}.Release|x86.ActiveCfg = Release|Any CPU
		{C6580079-0764-441E-9D61-3896A31EAFE7}.Release|x86.Build.0 = Release|Any CPU
		{C1E186B0-1A09-44A7-9A22-9B6BE918206D}.Debug|Any CPU.ActiveCfg = Debug|Any CPU
		{C1E186B0-1A09-44A7-9A22-9B6BE918206D}.Debug|Any CPU.Build.0 = Debug|Any CPU
		{C1E186B0-1A09-44A7-9A22-9B6BE918206D}.Debug|x64.ActiveCfg = Debug|Any CPU
		{C1E186B0-1A09-44A7-9A22-9B6BE918206D}.Debug|x64.Build.0 = Debug|Any CPU
		{C1E186B0-1A09-44A7-9A22-9B6BE918206D}.Debug|x86.ActiveCfg = Debug|Any CPU
		{C1E186B0-1A09-44A7-9A22-9B6BE918206D}.Debug|x86.Build.0 = Debug|Any CPU
		{C1E186B0-1A09-44A7-9A22-9B6BE918206D}.Release|Any CPU.ActiveCfg = Release|Any CPU
		{C1E186B0-1A09-44A7-9A22-9B6BE918206D}.Release|Any CPU.Build.0 = Release|Any CPU
		{C1E186B0-1A09-44A7-9A22-9B6BE918206D}.Release|x64.ActiveCfg = Release|Any CPU
		{C1E186B0-1A09-44A7-9A22-9B6BE918206D}.Release|x64.Build.0 = Release|Any CPU
		{C1E186B0-1A09-44A7-9A22-9B6BE918206D}.Release|x86.ActiveCfg = Release|Any CPU
		{C1E186B0-1A09-44A7-9A22-9B6BE918206D}.Release|x86.Build.0 = Release|Any CPU
		{3A225014-E208-4BDC-9D93-6FE5DEEC98D6}.Debug|Any CPU.ActiveCfg = Debug|Any CPU
		{3A225014-E208-4BDC-9D93-6FE5DEEC98D6}.Debug|Any CPU.Build.0 = Debug|Any CPU
		{3A225014-E208-4BDC-9D93-6FE5DEEC98D6}.Debug|x64.ActiveCfg = Debug|Any CPU
		{3A225014-E208-4BDC-9D93-6FE5DEEC98D6}.Debug|x64.Build.0 = Debug|Any CPU
		{3A225014-E208-4BDC-9D93-6FE5DEEC98D6}.Debug|x86.ActiveCfg = Debug|Any CPU
		{3A225014-E208-4BDC-9D93-6FE5DEEC98D6}.Debug|x86.Build.0 = Debug|Any CPU
		{3A225014-E208-4BDC-9D93-6FE5DEEC98D6}.Release|Any CPU.ActiveCfg = Release|Any CPU
		{3A225014-E208-4BDC-9D93-6FE5DEEC98D6}.Release|Any CPU.Build.0 = Release|Any CPU
		{3A225014-E208-4BDC-9D93-6FE5DEEC98D6}.Release|x64.ActiveCfg = Release|Any CPU
		{3A225014-E208-4BDC-9D93-6FE5DEEC98D6}.Release|x64.Build.0 = Release|Any CPU
		{3A225014-E208-4BDC-9D93-6FE5DEEC98D6}.Release|x86.ActiveCfg = Release|Any CPU
		{3A225014-E208-4BDC-9D93-6FE5DEEC98D6}.Release|x86.Build.0 = Release|Any CPU
		{53EEDC45-9C7D-49A1-A35F-1E174984E4D9}.Debug|Any CPU.ActiveCfg = Debug|Any CPU
		{53EEDC45-9C7D-49A1-A35F-1E174984E4D9}.Debug|Any CPU.Build.0 = Debug|Any CPU
		{53EEDC45-9C7D-49A1-A35F-1E174984E4D9}.Debug|x64.ActiveCfg = Debug|Any CPU
		{53EEDC45-9C7D-49A1-A35F-1E174984E4D9}.Debug|x64.Build.0 = Debug|Any CPU
		{53EEDC45-9C7D-49A1-A35F-1E174984E4D9}.Debug|x86.ActiveCfg = Debug|Any CPU
		{53EEDC45-9C7D-49A1-A35F-1E174984E4D9}.Debug|x86.Build.0 = Debug|Any CPU
		{53EEDC45-9C7D-49A1-A35F-1E174984E4D9}.Release|Any CPU.ActiveCfg = Release|Any CPU
		{53EEDC45-9C7D-49A1-A35F-1E174984E4D9}.Release|Any CPU.Build.0 = Release|Any CPU
		{53EEDC45-9C7D-49A1-A35F-1E174984E4D9}.Release|x64.ActiveCfg = Release|Any CPU
		{53EEDC45-9C7D-49A1-A35F-1E174984E4D9}.Release|x64.Build.0 = Release|Any CPU
		{53EEDC45-9C7D-49A1-A35F-1E174984E4D9}.Release|x86.ActiveCfg = Release|Any CPU
		{53EEDC45-9C7D-49A1-A35F-1E174984E4D9}.Release|x86.Build.0 = Release|Any CPU
		{29B57A45-3978-4659-9ECC-5C8A82742BD5}.Debug|Any CPU.ActiveCfg = Debug|Any CPU
		{29B57A45-3978-4659-9ECC-5C8A82742BD5}.Debug|Any CPU.Build.0 = Debug|Any CPU
		{29B57A45-3978-4659-9ECC-5C8A82742BD5}.Debug|x64.ActiveCfg = Debug|Any CPU
		{29B57A45-3978-4659-9ECC-5C8A82742BD5}.Debug|x64.Build.0 = Debug|Any CPU
		{29B57A45-3978-4659-9ECC-5C8A82742BD5}.Debug|x86.ActiveCfg = Debug|Any CPU
		{29B57A45-3978-4659-9ECC-5C8A82742BD5}.Debug|x86.Build.0 = Debug|Any CPU
		{29B57A45-3978-4659-9ECC-5C8A82742BD5}.Release|Any CPU.ActiveCfg = Release|Any CPU
		{29B57A45-3978-4659-9ECC-5C8A82742BD5}.Release|Any CPU.Build.0 = Release|Any CPU
		{29B57A45-3978-4659-9ECC-5C8A82742BD5}.Release|x64.ActiveCfg = Release|Any CPU
		{29B57A45-3978-4659-9ECC-5C8A82742BD5}.Release|x64.Build.0 = Release|Any CPU
		{29B57A45-3978-4659-9ECC-5C8A82742BD5}.Release|x86.ActiveCfg = Release|Any CPU
		{29B57A45-3978-4659-9ECC-5C8A82742BD5}.Release|x86.Build.0 = Release|Any CPU
		{9F209CBB-CD29-4E7F-90E2-95E0DE277515}.Debug|Any CPU.ActiveCfg = Debug|Any CPU
		{9F209CBB-CD29-4E7F-90E2-95E0DE277515}.Debug|Any CPU.Build.0 = Debug|Any CPU
		{9F209CBB-CD29-4E7F-90E2-95E0DE277515}.Debug|x64.ActiveCfg = Debug|Any CPU
		{9F209CBB-CD29-4E7F-90E2-95E0DE277515}.Debug|x64.Build.0 = Debug|Any CPU
		{9F209CBB-CD29-4E7F-90E2-95E0DE277515}.Debug|x86.ActiveCfg = Debug|Any CPU
		{9F209CBB-CD29-4E7F-90E2-95E0DE277515}.Debug|x86.Build.0 = Debug|Any CPU
		{9F209CBB-CD29-4E7F-90E2-95E0DE277515}.Release|Any CPU.ActiveCfg = Release|Any CPU
		{9F209CBB-CD29-4E7F-90E2-95E0DE277515}.Release|Any CPU.Build.0 = Release|Any CPU
		{9F209CBB-CD29-4E7F-90E2-95E0DE277515}.Release|x64.ActiveCfg = Release|Any CPU
		{9F209CBB-CD29-4E7F-90E2-95E0DE277515}.Release|x64.Build.0 = Release|Any CPU
		{9F209CBB-CD29-4E7F-90E2-95E0DE277515}.Release|x86.ActiveCfg = Release|Any CPU
		{9F209CBB-CD29-4E7F-90E2-95E0DE277515}.Release|x86.Build.0 = Release|Any CPU
		{3586B48D-3DBA-47A6-8C1B-4C8B08ED7964}.Debug|Any CPU.ActiveCfg = Debug|Any CPU
		{3586B48D-3DBA-47A6-8C1B-4C8B08ED7964}.Debug|Any CPU.Build.0 = Debug|Any CPU
		{3586B48D-3DBA-47A6-8C1B-4C8B08ED7964}.Debug|x64.ActiveCfg = Debug|Any CPU
		{3586B48D-3DBA-47A6-8C1B-4C8B08ED7964}.Debug|x64.Build.0 = Debug|Any CPU
		{3586B48D-3DBA-47A6-8C1B-4C8B08ED7964}.Debug|x86.ActiveCfg = Debug|Any CPU
		{3586B48D-3DBA-47A6-8C1B-4C8B08ED7964}.Debug|x86.Build.0 = Debug|Any CPU
		{3586B48D-3DBA-47A6-8C1B-4C8B08ED7964}.Release|Any CPU.ActiveCfg = Release|Any CPU
		{3586B48D-3DBA-47A6-8C1B-4C8B08ED7964}.Release|Any CPU.Build.0 = Release|Any CPU
		{3586B48D-3DBA-47A6-8C1B-4C8B08ED7964}.Release|x64.ActiveCfg = Release|Any CPU
		{3586B48D-3DBA-47A6-8C1B-4C8B08ED7964}.Release|x64.Build.0 = Release|Any CPU
		{3586B48D-3DBA-47A6-8C1B-4C8B08ED7964}.Release|x86.ActiveCfg = Release|Any CPU
		{3586B48D-3DBA-47A6-8C1B-4C8B08ED7964}.Release|x86.Build.0 = Release|Any CPU
		{B99F9871-6421-4E9A-A905-2395F5714E67}.Debug|Any CPU.ActiveCfg = Debug|Any CPU
		{B99F9871-6421-4E9A-A905-2395F5714E67}.Debug|Any CPU.Build.0 = Debug|Any CPU
		{B99F9871-6421-4E9A-A905-2395F5714E67}.Debug|x64.ActiveCfg = Debug|Any CPU
		{B99F9871-6421-4E9A-A905-2395F5714E67}.Debug|x64.Build.0 = Debug|Any CPU
		{B99F9871-6421-4E9A-A905-2395F5714E67}.Debug|x86.ActiveCfg = Debug|Any CPU
		{B99F9871-6421-4E9A-A905-2395F5714E67}.Debug|x86.Build.0 = Debug|Any CPU
		{B99F9871-6421-4E9A-A905-2395F5714E67}.Release|Any CPU.ActiveCfg = Release|Any CPU
		{B99F9871-6421-4E9A-A905-2395F5714E67}.Release|Any CPU.Build.0 = Release|Any CPU
		{B99F9871-6421-4E9A-A905-2395F5714E67}.Release|x64.ActiveCfg = Release|Any CPU
		{B99F9871-6421-4E9A-A905-2395F5714E67}.Release|x64.Build.0 = Release|Any CPU
		{B99F9871-6421-4E9A-A905-2395F5714E67}.Release|x86.ActiveCfg = Release|Any CPU
		{B99F9871-6421-4E9A-A905-2395F5714E67}.Release|x86.Build.0 = Release|Any CPU
		{23FE9E44-686B-41AB-B838-13058C60A3F9}.Debug|Any CPU.ActiveCfg = Debug|Any CPU
		{23FE9E44-686B-41AB-B838-13058C60A3F9}.Debug|Any CPU.Build.0 = Debug|Any CPU
		{23FE9E44-686B-41AB-B838-13058C60A3F9}.Debug|x64.ActiveCfg = Debug|Any CPU
		{23FE9E44-686B-41AB-B838-13058C60A3F9}.Debug|x64.Build.0 = Debug|Any CPU
		{23FE9E44-686B-41AB-B838-13058C60A3F9}.Debug|x86.ActiveCfg = Debug|Any CPU
		{23FE9E44-686B-41AB-B838-13058C60A3F9}.Debug|x86.Build.0 = Debug|Any CPU
		{23FE9E44-686B-41AB-B838-13058C60A3F9}.Release|Any CPU.ActiveCfg = Release|Any CPU
		{23FE9E44-686B-41AB-B838-13058C60A3F9}.Release|Any CPU.Build.0 = Release|Any CPU
		{23FE9E44-686B-41AB-B838-13058C60A3F9}.Release|x64.ActiveCfg = Release|Any CPU
		{23FE9E44-686B-41AB-B838-13058C60A3F9}.Release|x64.Build.0 = Release|Any CPU
		{23FE9E44-686B-41AB-B838-13058C60A3F9}.Release|x86.ActiveCfg = Release|Any CPU
		{23FE9E44-686B-41AB-B838-13058C60A3F9}.Release|x86.Build.0 = Release|Any CPU
		{126366AA-897B-4DA3-A0CE-65DBA36CE87E}.Debug|Any CPU.ActiveCfg = Debug|Any CPU
		{126366AA-897B-4DA3-A0CE-65DBA36CE87E}.Debug|Any CPU.Build.0 = Debug|Any CPU
		{126366AA-897B-4DA3-A0CE-65DBA36CE87E}.Debug|x64.ActiveCfg = Debug|Any CPU
		{126366AA-897B-4DA3-A0CE-65DBA36CE87E}.Debug|x64.Build.0 = Debug|Any CPU
		{126366AA-897B-4DA3-A0CE-65DBA36CE87E}.Debug|x86.ActiveCfg = Debug|Any CPU
		{126366AA-897B-4DA3-A0CE-65DBA36CE87E}.Debug|x86.Build.0 = Debug|Any CPU
		{126366AA-897B-4DA3-A0CE-65DBA36CE87E}.Release|Any CPU.ActiveCfg = Release|Any CPU
		{126366AA-897B-4DA3-A0CE-65DBA36CE87E}.Release|Any CPU.Build.0 = Release|Any CPU
		{126366AA-897B-4DA3-A0CE-65DBA36CE87E}.Release|x64.ActiveCfg = Release|Any CPU
		{126366AA-897B-4DA3-A0CE-65DBA36CE87E}.Release|x64.Build.0 = Release|Any CPU
		{126366AA-897B-4DA3-A0CE-65DBA36CE87E}.Release|x86.ActiveCfg = Release|Any CPU
		{126366AA-897B-4DA3-A0CE-65DBA36CE87E}.Release|x86.Build.0 = Release|Any CPU
		{B72795DA-7CBB-4441-8F6D-B3B02BD11590}.Debug|Any CPU.ActiveCfg = Debug|Any CPU
		{B72795DA-7CBB-4441-8F6D-B3B02BD11590}.Debug|Any CPU.Build.0 = Debug|Any CPU
		{B72795DA-7CBB-4441-8F6D-B3B02BD11590}.Debug|x64.ActiveCfg = Debug|Any CPU
		{B72795DA-7CBB-4441-8F6D-B3B02BD11590}.Debug|x64.Build.0 = Debug|Any CPU
		{B72795DA-7CBB-4441-8F6D-B3B02BD11590}.Debug|x86.ActiveCfg = Debug|Any CPU
		{B72795DA-7CBB-4441-8F6D-B3B02BD11590}.Debug|x86.Build.0 = Debug|Any CPU
		{B72795DA-7CBB-4441-8F6D-B3B02BD11590}.Release|Any CPU.ActiveCfg = Release|Any CPU
		{B72795DA-7CBB-4441-8F6D-B3B02BD11590}.Release|Any CPU.Build.0 = Release|Any CPU
		{B72795DA-7CBB-4441-8F6D-B3B02BD11590}.Release|x64.ActiveCfg = Release|Any CPU
		{B72795DA-7CBB-4441-8F6D-B3B02BD11590}.Release|x64.Build.0 = Release|Any CPU
		{B72795DA-7CBB-4441-8F6D-B3B02BD11590}.Release|x86.ActiveCfg = Release|Any CPU
		{B72795DA-7CBB-4441-8F6D-B3B02BD11590}.Release|x86.Build.0 = Release|Any CPU
		{46099AFB-D84C-4E50-A1FC-5D50406C7DDB}.Debug|Any CPU.ActiveCfg = Debug|Any CPU
		{46099AFB-D84C-4E50-A1FC-5D50406C7DDB}.Debug|Any CPU.Build.0 = Debug|Any CPU
		{46099AFB-D84C-4E50-A1FC-5D50406C7DDB}.Debug|x64.ActiveCfg = Debug|Any CPU
		{46099AFB-D84C-4E50-A1FC-5D50406C7DDB}.Debug|x64.Build.0 = Debug|Any CPU
		{46099AFB-D84C-4E50-A1FC-5D50406C7DDB}.Debug|x86.ActiveCfg = Debug|Any CPU
		{46099AFB-D84C-4E50-A1FC-5D50406C7DDB}.Debug|x86.Build.0 = Debug|Any CPU
		{46099AFB-D84C-4E50-A1FC-5D50406C7DDB}.Release|Any CPU.ActiveCfg = Release|Any CPU
		{46099AFB-D84C-4E50-A1FC-5D50406C7DDB}.Release|Any CPU.Build.0 = Release|Any CPU
		{46099AFB-D84C-4E50-A1FC-5D50406C7DDB}.Release|x64.ActiveCfg = Release|Any CPU
		{46099AFB-D84C-4E50-A1FC-5D50406C7DDB}.Release|x64.Build.0 = Release|Any CPU
		{46099AFB-D84C-4E50-A1FC-5D50406C7DDB}.Release|x86.ActiveCfg = Release|Any CPU
		{46099AFB-D84C-4E50-A1FC-5D50406C7DDB}.Release|x86.Build.0 = Release|Any CPU
		{6F88F936-30EE-425F-8C9E-5ED125503540}.Debug|Any CPU.ActiveCfg = Debug|Any CPU
		{6F88F936-30EE-425F-8C9E-5ED125503540}.Debug|Any CPU.Build.0 = Debug|Any CPU
		{6F88F936-30EE-425F-8C9E-5ED125503540}.Debug|x64.ActiveCfg = Debug|Any CPU
		{6F88F936-30EE-425F-8C9E-5ED125503540}.Debug|x64.Build.0 = Debug|Any CPU
		{6F88F936-30EE-425F-8C9E-5ED125503540}.Debug|x86.ActiveCfg = Debug|Any CPU
		{6F88F936-30EE-425F-8C9E-5ED125503540}.Debug|x86.Build.0 = Debug|Any CPU
		{6F88F936-30EE-425F-8C9E-5ED125503540}.Release|Any CPU.ActiveCfg = Release|Any CPU
		{6F88F936-30EE-425F-8C9E-5ED125503540}.Release|Any CPU.Build.0 = Release|Any CPU
		{6F88F936-30EE-425F-8C9E-5ED125503540}.Release|x64.ActiveCfg = Release|Any CPU
		{6F88F936-30EE-425F-8C9E-5ED125503540}.Release|x64.Build.0 = Release|Any CPU
		{6F88F936-30EE-425F-8C9E-5ED125503540}.Release|x86.ActiveCfg = Release|Any CPU
		{6F88F936-30EE-425F-8C9E-5ED125503540}.Release|x86.Build.0 = Release|Any CPU
		{07866B03-A072-457B-AB95-E65A2FD08F46}.Debug|Any CPU.ActiveCfg = Debug|Any CPU
		{07866B03-A072-457B-AB95-E65A2FD08F46}.Debug|Any CPU.Build.0 = Debug|Any CPU
		{07866B03-A072-457B-AB95-E65A2FD08F46}.Debug|x64.ActiveCfg = Debug|Any CPU
		{07866B03-A072-457B-AB95-E65A2FD08F46}.Debug|x64.Build.0 = Debug|Any CPU
		{07866B03-A072-457B-AB95-E65A2FD08F46}.Debug|x86.ActiveCfg = Debug|Any CPU
		{07866B03-A072-457B-AB95-E65A2FD08F46}.Debug|x86.Build.0 = Debug|Any CPU
		{07866B03-A072-457B-AB95-E65A2FD08F46}.Release|Any CPU.ActiveCfg = Release|Any CPU
		{07866B03-A072-457B-AB95-E65A2FD08F46}.Release|Any CPU.Build.0 = Release|Any CPU
		{07866B03-A072-457B-AB95-E65A2FD08F46}.Release|x64.ActiveCfg = Release|Any CPU
		{07866B03-A072-457B-AB95-E65A2FD08F46}.Release|x64.Build.0 = Release|Any CPU
		{07866B03-A072-457B-AB95-E65A2FD08F46}.Release|x86.ActiveCfg = Release|Any CPU
		{07866B03-A072-457B-AB95-E65A2FD08F46}.Release|x86.Build.0 = Release|Any CPU
		{8C30CADA-8D67-43A6-92B1-C3C1BA6BCD0A}.Debug|Any CPU.ActiveCfg = Debug|Any CPU
		{8C30CADA-8D67-43A6-92B1-C3C1BA6BCD0A}.Debug|Any CPU.Build.0 = Debug|Any CPU
		{8C30CADA-8D67-43A6-92B1-C3C1BA6BCD0A}.Debug|x64.ActiveCfg = Debug|Any CPU
		{8C30CADA-8D67-43A6-92B1-C3C1BA6BCD0A}.Debug|x64.Build.0 = Debug|Any CPU
		{8C30CADA-8D67-43A6-92B1-C3C1BA6BCD0A}.Debug|x86.ActiveCfg = Debug|Any CPU
		{8C30CADA-8D67-43A6-92B1-C3C1BA6BCD0A}.Debug|x86.Build.0 = Debug|Any CPU
		{8C30CADA-8D67-43A6-92B1-C3C1BA6BCD0A}.Release|Any CPU.ActiveCfg = Release|Any CPU
		{8C30CADA-8D67-43A6-92B1-C3C1BA6BCD0A}.Release|Any CPU.Build.0 = Release|Any CPU
		{8C30CADA-8D67-43A6-92B1-C3C1BA6BCD0A}.Release|x64.ActiveCfg = Release|Any CPU
		{8C30CADA-8D67-43A6-92B1-C3C1BA6BCD0A}.Release|x64.Build.0 = Release|Any CPU
		{8C30CADA-8D67-43A6-92B1-C3C1BA6BCD0A}.Release|x86.ActiveCfg = Release|Any CPU
		{8C30CADA-8D67-43A6-92B1-C3C1BA6BCD0A}.Release|x86.Build.0 = Release|Any CPU
		{E48A6FD8-A194-4589-9102-3E181684F1C9}.Debug|Any CPU.ActiveCfg = Debug|Any CPU
		{E48A6FD8-A194-4589-9102-3E181684F1C9}.Debug|Any CPU.Build.0 = Debug|Any CPU
		{E48A6FD8-A194-4589-9102-3E181684F1C9}.Debug|x64.ActiveCfg = Debug|Any CPU
		{E48A6FD8-A194-4589-9102-3E181684F1C9}.Debug|x64.Build.0 = Debug|Any CPU
		{E48A6FD8-A194-4589-9102-3E181684F1C9}.Debug|x86.ActiveCfg = Debug|Any CPU
		{E48A6FD8-A194-4589-9102-3E181684F1C9}.Debug|x86.Build.0 = Debug|Any CPU
		{E48A6FD8-A194-4589-9102-3E181684F1C9}.Release|Any CPU.ActiveCfg = Release|Any CPU
		{E48A6FD8-A194-4589-9102-3E181684F1C9}.Release|Any CPU.Build.0 = Release|Any CPU
		{E48A6FD8-A194-4589-9102-3E181684F1C9}.Release|x64.ActiveCfg = Release|Any CPU
		{E48A6FD8-A194-4589-9102-3E181684F1C9}.Release|x64.Build.0 = Release|Any CPU
		{E48A6FD8-A194-4589-9102-3E181684F1C9}.Release|x86.ActiveCfg = Release|Any CPU
		{E48A6FD8-A194-4589-9102-3E181684F1C9}.Release|x86.Build.0 = Release|Any CPU
		{65916AA8-9EAC-4F90-8B63-1185B3F9645A}.Debug|Any CPU.ActiveCfg = Debug|Any CPU
		{65916AA8-9EAC-4F90-8B63-1185B3F9645A}.Debug|Any CPU.Build.0 = Debug|Any CPU
		{65916AA8-9EAC-4F90-8B63-1185B3F9645A}.Debug|x64.ActiveCfg = Debug|Any CPU
		{65916AA8-9EAC-4F90-8B63-1185B3F9645A}.Debug|x64.Build.0 = Debug|Any CPU
		{65916AA8-9EAC-4F90-8B63-1185B3F9645A}.Debug|x86.ActiveCfg = Debug|Any CPU
		{65916AA8-9EAC-4F90-8B63-1185B3F9645A}.Debug|x86.Build.0 = Debug|Any CPU
		{65916AA8-9EAC-4F90-8B63-1185B3F9645A}.Release|Any CPU.ActiveCfg = Release|Any CPU
		{65916AA8-9EAC-4F90-8B63-1185B3F9645A}.Release|Any CPU.Build.0 = Release|Any CPU
		{65916AA8-9EAC-4F90-8B63-1185B3F9645A}.Release|x64.ActiveCfg = Release|Any CPU
		{65916AA8-9EAC-4F90-8B63-1185B3F9645A}.Release|x64.Build.0 = Release|Any CPU
		{65916AA8-9EAC-4F90-8B63-1185B3F9645A}.Release|x86.ActiveCfg = Release|Any CPU
		{65916AA8-9EAC-4F90-8B63-1185B3F9645A}.Release|x86.Build.0 = Release|Any CPU
		{7F4CD91E-5B8F-4C76-820F-3FE0EEE17D24}.Debug|Any CPU.ActiveCfg = Debug|Any CPU
		{7F4CD91E-5B8F-4C76-820F-3FE0EEE17D24}.Debug|Any CPU.Build.0 = Debug|Any CPU
		{7F4CD91E-5B8F-4C76-820F-3FE0EEE17D24}.Debug|x64.ActiveCfg = Debug|Any CPU
		{7F4CD91E-5B8F-4C76-820F-3FE0EEE17D24}.Debug|x64.Build.0 = Debug|Any CPU
		{7F4CD91E-5B8F-4C76-820F-3FE0EEE17D24}.Debug|x86.ActiveCfg = Debug|Any CPU
		{7F4CD91E-5B8F-4C76-820F-3FE0EEE17D24}.Debug|x86.Build.0 = Debug|Any CPU
		{7F4CD91E-5B8F-4C76-820F-3FE0EEE17D24}.Release|Any CPU.ActiveCfg = Release|Any CPU
		{7F4CD91E-5B8F-4C76-820F-3FE0EEE17D24}.Release|Any CPU.Build.0 = Release|Any CPU
		{7F4CD91E-5B8F-4C76-820F-3FE0EEE17D24}.Release|x64.ActiveCfg = Release|Any CPU
		{7F4CD91E-5B8F-4C76-820F-3FE0EEE17D24}.Release|x64.Build.0 = Release|Any CPU
		{7F4CD91E-5B8F-4C76-820F-3FE0EEE17D24}.Release|x86.ActiveCfg = Release|Any CPU
		{7F4CD91E-5B8F-4C76-820F-3FE0EEE17D24}.Release|x86.Build.0 = Release|Any CPU
		{4C43F775-F406-4304-BB1F-427E88312C3B}.Debug|Any CPU.ActiveCfg = Debug|Any CPU
		{4C43F775-F406-4304-BB1F-427E88312C3B}.Debug|Any CPU.Build.0 = Debug|Any CPU
		{4C43F775-F406-4304-BB1F-427E88312C3B}.Debug|x64.ActiveCfg = Debug|Any CPU
		{4C43F775-F406-4304-BB1F-427E88312C3B}.Debug|x64.Build.0 = Debug|Any CPU
		{4C43F775-F406-4304-BB1F-427E88312C3B}.Debug|x86.ActiveCfg = Debug|Any CPU
		{4C43F775-F406-4304-BB1F-427E88312C3B}.Debug|x86.Build.0 = Debug|Any CPU
		{4C43F775-F406-4304-BB1F-427E88312C3B}.Release|Any CPU.ActiveCfg = Release|Any CPU
		{4C43F775-F406-4304-BB1F-427E88312C3B}.Release|Any CPU.Build.0 = Release|Any CPU
		{4C43F775-F406-4304-BB1F-427E88312C3B}.Release|x64.ActiveCfg = Release|Any CPU
		{4C43F775-F406-4304-BB1F-427E88312C3B}.Release|x64.Build.0 = Release|Any CPU
		{4C43F775-F406-4304-BB1F-427E88312C3B}.Release|x86.ActiveCfg = Release|Any CPU
		{4C43F775-F406-4304-BB1F-427E88312C3B}.Release|x86.Build.0 = Release|Any CPU
		{FDFEC214-9FBD-462A-B143-B805D573F479}.Debug|Any CPU.ActiveCfg = Debug|Any CPU
		{FDFEC214-9FBD-462A-B143-B805D573F479}.Debug|Any CPU.Build.0 = Debug|Any CPU
		{FDFEC214-9FBD-462A-B143-B805D573F479}.Debug|x64.ActiveCfg = Debug|Any CPU
		{FDFEC214-9FBD-462A-B143-B805D573F479}.Debug|x64.Build.0 = Debug|Any CPU
		{FDFEC214-9FBD-462A-B143-B805D573F479}.Debug|x86.ActiveCfg = Debug|Any CPU
		{FDFEC214-9FBD-462A-B143-B805D573F479}.Debug|x86.Build.0 = Debug|Any CPU
		{FDFEC214-9FBD-462A-B143-B805D573F479}.Release|Any CPU.ActiveCfg = Release|Any CPU
		{FDFEC214-9FBD-462A-B143-B805D573F479}.Release|Any CPU.Build.0 = Release|Any CPU
		{FDFEC214-9FBD-462A-B143-B805D573F479}.Release|x64.ActiveCfg = Release|Any CPU
		{FDFEC214-9FBD-462A-B143-B805D573F479}.Release|x64.Build.0 = Release|Any CPU
		{FDFEC214-9FBD-462A-B143-B805D573F479}.Release|x86.ActiveCfg = Release|Any CPU
		{FDFEC214-9FBD-462A-B143-B805D573F479}.Release|x86.Build.0 = Release|Any CPU
		{9E249002-4FB0-4226-B58C-92AFC8E613EF}.Debug|Any CPU.ActiveCfg = Debug|Any CPU
		{9E249002-4FB0-4226-B58C-92AFC8E613EF}.Debug|Any CPU.Build.0 = Debug|Any CPU
		{9E249002-4FB0-4226-B58C-92AFC8E613EF}.Debug|x64.ActiveCfg = Debug|Any CPU
		{9E249002-4FB0-4226-B58C-92AFC8E613EF}.Debug|x64.Build.0 = Debug|Any CPU
		{9E249002-4FB0-4226-B58C-92AFC8E613EF}.Debug|x86.ActiveCfg = Debug|Any CPU
		{9E249002-4FB0-4226-B58C-92AFC8E613EF}.Debug|x86.Build.0 = Debug|Any CPU
		{9E249002-4FB0-4226-B58C-92AFC8E613EF}.Release|Any CPU.ActiveCfg = Release|Any CPU
		{9E249002-4FB0-4226-B58C-92AFC8E613EF}.Release|Any CPU.Build.0 = Release|Any CPU
		{9E249002-4FB0-4226-B58C-92AFC8E613EF}.Release|x64.ActiveCfg = Release|Any CPU
		{9E249002-4FB0-4226-B58C-92AFC8E613EF}.Release|x64.Build.0 = Release|Any CPU
		{9E249002-4FB0-4226-B58C-92AFC8E613EF}.Release|x86.ActiveCfg = Release|Any CPU
		{9E249002-4FB0-4226-B58C-92AFC8E613EF}.Release|x86.Build.0 = Release|Any CPU
	EndGlobalSection
	GlobalSection(SolutionProperties) = preSolution
		HideSolutionNode = FALSE
	EndGlobalSection
	GlobalSection(NestedProjects) = preSolution
		{90298CBA-BD6F-3A0A-69D5-97CAD7B05E7E} = {827E0CD3-B72D-47B6-A68D-7590B98EB39B}
		{2395DC14-1DA0-4D8A-A56B-D65230E5B0CA} = {90298CBA-BD6F-3A0A-69D5-97CAD7B05E7E}
		{8288A4B6-971B-448B-A085-0D65C7F429B0} = {90298CBA-BD6F-3A0A-69D5-97CAD7B05E7E}
		{4EE18AEC-D862-400A-AF31-AA8621EBDC83} = {90298CBA-BD6F-3A0A-69D5-97CAD7B05E7E}
		{D2048A1D-69DE-417B-BC42-2AC7AC07A7A9} = {90298CBA-BD6F-3A0A-69D5-97CAD7B05E7E}
		{EE038FC0-637D-4783-BECF-70D2A83AC8E0} = {90298CBA-BD6F-3A0A-69D5-97CAD7B05E7E}
		{4889BD26-1E43-412C-9E51-5A85C67A70C4} = {90298CBA-BD6F-3A0A-69D5-97CAD7B05E7E}
		{984BB9B3-3FA3-BE33-9484-CAC21695A33C} = {827E0CD3-B72D-47B6-A68D-7590B98EB39B}
		{C91C1CF1-1625-0789-F869-53D87D6277BA} = {984BB9B3-3FA3-BE33-9484-CAC21695A33C}
		{C166FCC5-C2C0-4FBD-8B84-74A5BDB1C0AB} = {C91C1CF1-1625-0789-F869-53D87D6277BA}
		{86E8C568-8587-485F-8853-56D993307BEF} = {C91C1CF1-1625-0789-F869-53D87D6277BA}
		{7A28AE08-6520-4375-9D37-DB677415EE73} = {C91C1CF1-1625-0789-F869-53D87D6277BA}
		{47D6D00F-E72A-48BD-9FB0-1BE22483B5AB} = {C91C1CF1-1625-0789-F869-53D87D6277BA}
		{6C0557C3-B1C9-A54D-46F8-F4FBBDE30E30} = {984BB9B3-3FA3-BE33-9484-CAC21695A33C}
		{72713322-5110-4D47-A7D2-A5C19A825F9C} = {6C0557C3-B1C9-A54D-46F8-F4FBBDE30E30}
		{3328ABD0-62FD-4DAB-882B-7EE0954E67A0} = {6C0557C3-B1C9-A54D-46F8-F4FBBDE30E30}
		{474E2E6A-2C19-4DF6-814F-B3141DCAAE82} = {6C0557C3-B1C9-A54D-46F8-F4FBBDE30E30}
		{BE85031B-3157-4C78-A0E3-39D11D4D5C32} = {6C0557C3-B1C9-A54D-46F8-F4FBBDE30E30}
		{D3BAB01C-7F3F-8576-96BE-8BE70C9B9915} = {984BB9B3-3FA3-BE33-9484-CAC21695A33C}
		{8CDE2A1D-35A0-470B-91B0-6A3025B133C8} = {D3BAB01C-7F3F-8576-96BE-8BE70C9B9915}
		{E7D2CDC8-51FA-440D-B93F-A997F0BE7B6F} = {D3BAB01C-7F3F-8576-96BE-8BE70C9B9915}
		{326526F3-72DF-4054-BCAF-55B4DB0F8F6C} = {D3BAB01C-7F3F-8576-96BE-8BE70C9B9915}
		{5BCD346D-7DD8-464C-9416-B5F1073C0277} = {D3BAB01C-7F3F-8576-96BE-8BE70C9B9915}
		{CA15E31E-CB60-F235-5CDF-2E527A86A72C} = {984BB9B3-3FA3-BE33-9484-CAC21695A33C}
		{93386B04-2481-4D31-AD01-DFF03632528E} = {CA15E31E-CB60-F235-5CDF-2E527A86A72C}
		{FF0ED35D-DDA7-4B95-A0A2-5EB4A1BE689F} = {CA15E31E-CB60-F235-5CDF-2E527A86A72C}
		{71020050-AEA4-4BA4-8866-6B6D177DC8FF} = {CA15E31E-CB60-F235-5CDF-2E527A86A72C}
		{9264A3B8-B829-4983-86F4-F3495C5F2584} = {CA15E31E-CB60-F235-5CDF-2E527A86A72C}
		{3FB03296-F262-2760-9861-73C41AF3766C} = {984BB9B3-3FA3-BE33-9484-CAC21695A33C}
		{0BF3D607-94FF-4C1E-8DA5-68BC2DD4FDF4} = {3FB03296-F262-2760-9861-73C41AF3766C}
		{485507FB-D0F3-4F6A-8D72-CE442C914CBA} = {3FB03296-F262-2760-9861-73C41AF3766C}
		{B07C71A9-F4FC-4903-8D21-F81B1BB9460B} = {3FB03296-F262-2760-9861-73C41AF3766C}
		{4625CD90-D755-46F6-97A6-1DF40D6B4CB1} = {3FB03296-F262-2760-9861-73C41AF3766C}
		{F17A7782-ECBD-508F-80BB-2B1954A6BA93} = {984BB9B3-3FA3-BE33-9484-CAC21695A33C}
		{F78EDE33-2FF6-44B7-9870-0B42CBF696F4} = {F17A7782-ECBD-508F-80BB-2B1954A6BA93}
		{6C6D15E6-155C-4404-B46D-C9BEC32DDE80} = {F17A7782-ECBD-508F-80BB-2B1954A6BA93}
		{F622DF7C-612A-498A-ACE3-A18686A9BFAC} = {F17A7782-ECBD-508F-80BB-2B1954A6BA93}
		{0E49E8E7-D6D7-453E-A1B4-2325E0A3C77C} = {F17A7782-ECBD-508F-80BB-2B1954A6BA93}
		{C5FBE174-8E0F-F5A3-B929-8BD0C55C0A32} = {984BB9B3-3FA3-BE33-9484-CAC21695A33C}
		{C6580079-0764-441E-9D61-3896A31EAFE7} = {C5FBE174-8E0F-F5A3-B929-8BD0C55C0A32}
		{C1E186B0-1A09-44A7-9A22-9B6BE918206D} = {C5FBE174-8E0F-F5A3-B929-8BD0C55C0A32}
		{3A225014-E208-4BDC-9D93-6FE5DEEC98D6} = {C5FBE174-8E0F-F5A3-B929-8BD0C55C0A32}
		{53EEDC45-9C7D-49A1-A35F-1E174984E4D9} = {C5FBE174-8E0F-F5A3-B929-8BD0C55C0A32}
		{616FCCA8-3338-13EF-526D-A9F4AFAA50BA} = {984BB9B3-3FA3-BE33-9484-CAC21695A33C}
		{29B57A45-3978-4659-9ECC-5C8A82742BD5} = {616FCCA8-3338-13EF-526D-A9F4AFAA50BA}
		{9F209CBB-CD29-4E7F-90E2-95E0DE277515} = {616FCCA8-3338-13EF-526D-A9F4AFAA50BA}
		{3586B48D-3DBA-47A6-8C1B-4C8B08ED7964} = {616FCCA8-3338-13EF-526D-A9F4AFAA50BA}
		{B99F9871-6421-4E9A-A905-2395F5714E67} = {616FCCA8-3338-13EF-526D-A9F4AFAA50BA}
		{ED3A6F05-8B42-2A19-DFFE-FDDDF787C538} = {827E0CD3-B72D-47B6-A68D-7590B98EB39B}
		{23FE9E44-686B-41AB-B838-13058C60A3F9} = {ED3A6F05-8B42-2A19-DFFE-FDDDF787C538}
		{1BFC9479-12BF-35C3-06B8-42D89D95092B} = {984BB9B3-3FA3-BE33-9484-CAC21695A33C}
		{126366AA-897B-4DA3-A0CE-65DBA36CE87E} = {1BFC9479-12BF-35C3-06B8-42D89D95092B}
		{B72795DA-7CBB-4441-8F6D-B3B02BD11590} = {1BFC9479-12BF-35C3-06B8-42D89D95092B}
		{46099AFB-D84C-4E50-A1FC-5D50406C7DDB} = {1BFC9479-12BF-35C3-06B8-42D89D95092B}
		{6F88F936-30EE-425F-8C9E-5ED125503540} = {1BFC9479-12BF-35C3-06B8-42D89D95092B}
		{07866B03-A072-457B-AB95-E65A2FD08F46} = {0AB3BF05-4346-4AA6-1389-037BE0695223}
		{8C30CADA-8D67-43A6-92B1-C3C1BA6BCD0A} = {0AB3BF05-4346-4AA6-1389-037BE0695223}
		{E48A6FD8-A194-4589-9102-3E181684F1C9} = {0AB3BF05-4346-4AA6-1389-037BE0695223}
		{65916AA8-9EAC-4F90-8B63-1185B3F9645A} = {07C2787E-EAC7-C090-1BA3-A61EC2A24D84}
		{7F4CD91E-5B8F-4C76-820F-3FE0EEE17D24} = {0AB3BF05-4346-4AA6-1389-037BE0695223}
		{4C43F775-F406-4304-BB1F-427E88312C3B} = {0AB3BF05-4346-4AA6-1389-037BE0695223}
		{FDFEC214-9FBD-462A-B143-B805D573F479} = {0AB3BF05-4346-4AA6-1389-037BE0695223}
		{9E249002-4FB0-4226-B58C-92AFC8E613EF} = {0AB3BF05-4346-4AA6-1389-037BE0695223}
	EndGlobalSection
EndGlobal
